// !$*UTF8*$!
{
	archiveVersion = 1;
	classes = {
	};
	objectVersion = 46;
	objects = {

/* Begin PBXBuildFile section */
		5B65824313FDF9AC007DCA79 /* QuartzCore.framework in Frameworks */ = {isa = PBXBuildFile; fileRef = 5B65824213FDF9AC007DCA79 /* QuartzCore.framework */; };
		5B65824513FDF9AC007DCA79 /* OpenGLES.framework in Frameworks */ = {isa = PBXBuildFile; fileRef = 5B65824413FDF9AC007DCA79 /* OpenGLES.framework */; };
		5B65824713FDF9AC007DCA79 /* OpenAL.framework in Frameworks */ = {isa = PBXBuildFile; fileRef = 5B65824613FDF9AC007DCA79 /* OpenAL.framework */; };
		5B65824913FDF9AC007DCA79 /* AudioToolbox.framework in Frameworks */ = {isa = PBXBuildFile; fileRef = 5B65824813FDF9AC007DCA79 /* AudioToolbox.framework */; };
		5B65824B13FDF9AC007DCA79 /* AVFoundation.framework in Frameworks */ = {isa = PBXBuildFile; fileRef = 5B65824A13FDF9AC007DCA79 /* AVFoundation.framework */; };
		5B65824D13FDF9AC007DCA79 /* UIKit.framework in Frameworks */ = {isa = PBXBuildFile; fileRef = 5B65824C13FDF9AC007DCA79 /* UIKit.framework */; };
		5B65824F13FDF9AC007DCA79 /* Foundation.framework in Frameworks */ = {isa = PBXBuildFile; fileRef = 5B65824E13FDF9AC007DCA79 /* Foundation.framework */; };
		5B65825113FDF9AC007DCA79 /* CoreGraphics.framework in Frameworks */ = {isa = PBXBuildFile; fileRef = 5B65825013FDF9AC007DCA79 /* CoreGraphics.framework */; };
		5B65825513FDF9AC007DCA79 /* Default.png in Resources */ = {isa = PBXBuildFile; fileRef = 5B65825413FDF9AC007DCA79 /* Default.png */; };
		5B65825713FDF9AC007DCA79 /* fps_images.png in Resources */ = {isa = PBXBuildFile; fileRef = 5B65825613FDF9AC007DCA79 /* fps_images.png */; };
		5B65825913FDF9AC007DCA79 /* Icon-72.png in Resources */ = {isa = PBXBuildFile; fileRef = 5B65825813FDF9AC007DCA79 /* Icon-72.png */; };
		5B65825B13FDF9AC007DCA79 /* Icon-Small-50.png in Resources */ = {isa = PBXBuildFile; fileRef = 5B65825A13FDF9AC007DCA79 /* Icon-Small-50.png */; };
		5B65825D13FDF9AC007DCA79 /* Icon-Small.png in Resources */ = {isa = PBXBuildFile; fileRef = 5B65825C13FDF9AC007DCA79 /* Icon-Small.png */; };
		5B65825F13FDF9AC007DCA79 /* Icon-Small@2x.png in Resources */ = {isa = PBXBuildFile; fileRef = 5B65825E13FDF9AC007DCA79 /* Icon-Small@2x.png */; };
		5B65826113FDF9AC007DCA79 /* Icon.png in Resources */ = {isa = PBXBuildFile; fileRef = 5B65826013FDF9AC007DCA79 /* Icon.png */; };
		5B65826313FDF9AC007DCA79 /* Icon@2x.png in Resources */ = {isa = PBXBuildFile; fileRef = 5B65826213FDF9AC007DCA79 /* Icon@2x.png */; };
		5B65826613FDF9AC007DCA79 /* iTunesArtwork in Resources */ = {isa = PBXBuildFile; fileRef = 5B65826513FDF9AC007DCA79 /* iTunesArtwork */; };
		5B65826A13FDF9AD007DCA79 /* CCAction.m in Sources */ = {isa = PBXBuildFile; fileRef = 5B65826913FDF9AD007DCA79 /* CCAction.m */; };
		5B65826D13FDF9AD007DCA79 /* CCActionCamera.m in Sources */ = {isa = PBXBuildFile; fileRef = 5B65826C13FDF9AD007DCA79 /* CCActionCamera.m */; };
		5B65827013FDF9AD007DCA79 /* CCActionEase.m in Sources */ = {isa = PBXBuildFile; fileRef = 5B65826F13FDF9AD007DCA79 /* CCActionEase.m */; };
		5B65827313FDF9AD007DCA79 /* CCActionGrid.m in Sources */ = {isa = PBXBuildFile; fileRef = 5B65827213FDF9AD007DCA79 /* CCActionGrid.m */; };
		5B65827613FDF9AD007DCA79 /* CCActionGrid3D.m in Sources */ = {isa = PBXBuildFile; fileRef = 5B65827513FDF9AD007DCA79 /* CCActionGrid3D.m */; };
		5B65827913FDF9AD007DCA79 /* CCActionInstant.m in Sources */ = {isa = PBXBuildFile; fileRef = 5B65827813FDF9AD007DCA79 /* CCActionInstant.m */; };
		5B65827C13FDF9AD007DCA79 /* CCActionInterval.m in Sources */ = {isa = PBXBuildFile; fileRef = 5B65827B13FDF9AD007DCA79 /* CCActionInterval.m */; };
		5B65827F13FDF9AD007DCA79 /* CCActionManager.m in Sources */ = {isa = PBXBuildFile; fileRef = 5B65827E13FDF9AD007DCA79 /* CCActionManager.m */; };
		5B65828213FDF9AD007DCA79 /* CCActionPageTurn3D.m in Sources */ = {isa = PBXBuildFile; fileRef = 5B65828113FDF9AD007DCA79 /* CCActionPageTurn3D.m */; };
		5B65828513FDF9AD007DCA79 /* CCActionProgressTimer.m in Sources */ = {isa = PBXBuildFile; fileRef = 5B65828413FDF9AD007DCA79 /* CCActionProgressTimer.m */; };
		5B65828813FDF9AD007DCA79 /* CCActionTiledGrid.m in Sources */ = {isa = PBXBuildFile; fileRef = 5B65828713FDF9AD007DCA79 /* CCActionTiledGrid.m */; };
		5B65828B13FDF9AD007DCA79 /* CCActionTween.m in Sources */ = {isa = PBXBuildFile; fileRef = 5B65828A13FDF9AD007DCA79 /* CCActionTween.m */; };
		5B65828E13FDF9AD007DCA79 /* CCAnimation.m in Sources */ = {isa = PBXBuildFile; fileRef = 5B65828D13FDF9AD007DCA79 /* CCAnimation.m */; };
		5B65829113FDF9AD007DCA79 /* CCAnimationCache.m in Sources */ = {isa = PBXBuildFile; fileRef = 5B65829013FDF9AD007DCA79 /* CCAnimationCache.m */; };
		5B65829413FDF9AD007DCA79 /* CCAtlasNode.m in Sources */ = {isa = PBXBuildFile; fileRef = 5B65829313FDF9AD007DCA79 /* CCAtlasNode.m */; };
		5B65829713FDF9AD007DCA79 /* CCBlockSupport.m in Sources */ = {isa = PBXBuildFile; fileRef = 5B65829613FDF9AD007DCA79 /* CCBlockSupport.m */; };
		5B65829A13FDF9AD007DCA79 /* CCCamera.m in Sources */ = {isa = PBXBuildFile; fileRef = 5B65829913FDF9AD007DCA79 /* CCCamera.m */; };
		5B65829E13FDF9AD007DCA79 /* CCConfiguration.m in Sources */ = {isa = PBXBuildFile; fileRef = 5B65829D13FDF9AD007DCA79 /* CCConfiguration.m */; };
		5B6582A113FDF9AD007DCA79 /* CCDirector.m in Sources */ = {isa = PBXBuildFile; fileRef = 5B6582A013FDF9AD007DCA79 /* CCDirector.m */; };
		5B6582A413FDF9AD007DCA79 /* CCDrawingPrimitives.m in Sources */ = {isa = PBXBuildFile; fileRef = 5B6582A313FDF9AD007DCA79 /* CCDrawingPrimitives.m */; };
		5B6582A713FDF9AD007DCA79 /* CCGrabber.m in Sources */ = {isa = PBXBuildFile; fileRef = 5B6582A613FDF9AD007DCA79 /* CCGrabber.m */; };
		5B6582AA13FDF9AD007DCA79 /* CCGrid.m in Sources */ = {isa = PBXBuildFile; fileRef = 5B6582A913FDF9AD007DCA79 /* CCGrid.m */; };
		5B6582AD13FDF9AD007DCA79 /* CCLabelAtlas.m in Sources */ = {isa = PBXBuildFile; fileRef = 5B6582AC13FDF9AD007DCA79 /* CCLabelAtlas.m */; };
		5B6582B013FDF9AD007DCA79 /* CCLabelBMFont.m in Sources */ = {isa = PBXBuildFile; fileRef = 5B6582AF13FDF9AD007DCA79 /* CCLabelBMFont.m */; };
		5B6582B313FDF9AD007DCA79 /* CCLabelTTF.m in Sources */ = {isa = PBXBuildFile; fileRef = 5B6582B213FDF9AD007DCA79 /* CCLabelTTF.m */; };
		5B6582B613FDF9AD007DCA79 /* CCLayer.m in Sources */ = {isa = PBXBuildFile; fileRef = 5B6582B513FDF9AD007DCA79 /* CCLayer.m */; };
		5B6582BA13FDF9AD007DCA79 /* CCMenu.m in Sources */ = {isa = PBXBuildFile; fileRef = 5B6582B913FDF9AD007DCA79 /* CCMenu.m */; };
		5B6582BD13FDF9AD007DCA79 /* CCMenuItem.m in Sources */ = {isa = PBXBuildFile; fileRef = 5B6582BC13FDF9AD007DCA79 /* CCMenuItem.m */; };
		5B6582C013FDF9AD007DCA79 /* CCMotionStreak.m in Sources */ = {isa = PBXBuildFile; fileRef = 5B6582BF13FDF9AD007DCA79 /* CCMotionStreak.m */; };
		5B6582C313FDF9AD007DCA79 /* CCNode.m in Sources */ = {isa = PBXBuildFile; fileRef = 5B6582C213FDF9AD007DCA79 /* CCNode.m */; };
		5B6582C613FDF9AD007DCA79 /* CCParallaxNode.m in Sources */ = {isa = PBXBuildFile; fileRef = 5B6582C513FDF9AD007DCA79 /* CCParallaxNode.m */; };
		5B6582C913FDF9AD007DCA79 /* CCParticleExamples.m in Sources */ = {isa = PBXBuildFile; fileRef = 5B6582C813FDF9AD007DCA79 /* CCParticleExamples.m */; };
		5B6582CC13FDF9AD007DCA79 /* CCParticleSystem.m in Sources */ = {isa = PBXBuildFile; fileRef = 5B6582CB13FDF9AD007DCA79 /* CCParticleSystem.m */; };
		5B6582CF13FDF9AD007DCA79 /* CCParticleSystemPoint.m in Sources */ = {isa = PBXBuildFile; fileRef = 5B6582CE13FDF9AD007DCA79 /* CCParticleSystemPoint.m */; };
		5B6582D213FDF9AD007DCA79 /* CCParticleSystemQuad.m in Sources */ = {isa = PBXBuildFile; fileRef = 5B6582D113FDF9AD007DCA79 /* CCParticleSystemQuad.m */; };
		5B6582D513FDF9AD007DCA79 /* CCProgressTimer.m in Sources */ = {isa = PBXBuildFile; fileRef = 5B6582D413FDF9AD007DCA79 /* CCProgressTimer.m */; };
		5B6582D913FDF9AE007DCA79 /* CCRenderTexture.m in Sources */ = {isa = PBXBuildFile; fileRef = 5B6582D813FDF9AE007DCA79 /* CCRenderTexture.m */; };
		5B6582DC13FDF9AE007DCA79 /* CCRibbon.m in Sources */ = {isa = PBXBuildFile; fileRef = 5B6582DB13FDF9AE007DCA79 /* CCRibbon.m */; };
		5B6582DF13FDF9AE007DCA79 /* CCScene.m in Sources */ = {isa = PBXBuildFile; fileRef = 5B6582DE13FDF9AE007DCA79 /* CCScene.m */; };
		5B6582E213FDF9AE007DCA79 /* CCScheduler.m in Sources */ = {isa = PBXBuildFile; fileRef = 5B6582E113FDF9AE007DCA79 /* CCScheduler.m */; };
		5B6582E513FDF9AE007DCA79 /* CCSprite.m in Sources */ = {isa = PBXBuildFile; fileRef = 5B6582E413FDF9AE007DCA79 /* CCSprite.m */; };
		5B6582E813FDF9AE007DCA79 /* CCSpriteBatchNode.m in Sources */ = {isa = PBXBuildFile; fileRef = 5B6582E713FDF9AE007DCA79 /* CCSpriteBatchNode.m */; };
		5B6582EB13FDF9AE007DCA79 /* CCSpriteFrame.m in Sources */ = {isa = PBXBuildFile; fileRef = 5B6582EA13FDF9AE007DCA79 /* CCSpriteFrame.m */; };
		5B6582EE13FDF9AE007DCA79 /* CCSpriteFrameCache.m in Sources */ = {isa = PBXBuildFile; fileRef = 5B6582ED13FDF9AE007DCA79 /* CCSpriteFrameCache.m */; };
		5B6582F113FDF9AE007DCA79 /* CCTexture2D.m in Sources */ = {isa = PBXBuildFile; fileRef = 5B6582F013FDF9AE007DCA79 /* CCTexture2D.m */; };
		5B6582F413FDF9AE007DCA79 /* CCTextureAtlas.m in Sources */ = {isa = PBXBuildFile; fileRef = 5B6582F313FDF9AE007DCA79 /* CCTextureAtlas.m */; };
		5B6582F713FDF9AE007DCA79 /* CCTextureCache.m in Sources */ = {isa = PBXBuildFile; fileRef = 5B6582F613FDF9AE007DCA79 /* CCTextureCache.m */; };
		5B6582FA13FDF9AE007DCA79 /* CCTexturePVR.m in Sources */ = {isa = PBXBuildFile; fileRef = 5B6582F913FDF9AE007DCA79 /* CCTexturePVR.m */; };
		5B6582FD13FDF9AE007DCA79 /* CCTileMapAtlas.m in Sources */ = {isa = PBXBuildFile; fileRef = 5B6582FC13FDF9AE007DCA79 /* CCTileMapAtlas.m */; };
		5B65830013FDF9AE007DCA79 /* CCTMXLayer.m in Sources */ = {isa = PBXBuildFile; fileRef = 5B6582FF13FDF9AE007DCA79 /* CCTMXLayer.m */; };
		5B65830313FDF9AE007DCA79 /* CCTMXObjectGroup.m in Sources */ = {isa = PBXBuildFile; fileRef = 5B65830213FDF9AE007DCA79 /* CCTMXObjectGroup.m */; };
		5B65830613FDF9AE007DCA79 /* CCTMXTiledMap.m in Sources */ = {isa = PBXBuildFile; fileRef = 5B65830513FDF9AE007DCA79 /* CCTMXTiledMap.m */; };
		5B65830913FDF9AE007DCA79 /* CCTMXXMLParser.m in Sources */ = {isa = PBXBuildFile; fileRef = 5B65830813FDF9AE007DCA79 /* CCTMXXMLParser.m */; };
		5B65830C13FDF9AE007DCA79 /* CCTransition.m in Sources */ = {isa = PBXBuildFile; fileRef = 5B65830B13FDF9AE007DCA79 /* CCTransition.m */; };
		5B65830F13FDF9AE007DCA79 /* CCTransitionPageTurn.m in Sources */ = {isa = PBXBuildFile; fileRef = 5B65830E13FDF9AE007DCA79 /* CCTransitionPageTurn.m */; };
		5B65831213FDF9AE007DCA79 /* CCTransitionRadial.m in Sources */ = {isa = PBXBuildFile; fileRef = 5B65831113FDF9AE007DCA79 /* CCTransitionRadial.m */; };
		5B65831613FDF9AE007DCA79 /* cocos2d.m in Sources */ = {isa = PBXBuildFile; fileRef = 5B65831513FDF9AE007DCA79 /* cocos2d.m */; };
		5B65831B13FDF9AE007DCA79 /* CCDirectorIOS.m in Sources */ = {isa = PBXBuildFile; fileRef = 5B65831A13FDF9AE007DCA79 /* CCDirectorIOS.m */; };
		5B65831F13FDF9AE007DCA79 /* CCTouchDispatcher.m in Sources */ = {isa = PBXBuildFile; fileRef = 5B65831E13FDF9AE007DCA79 /* CCTouchDispatcher.m */; };
		5B65832213FDF9AE007DCA79 /* CCTouchHandler.m in Sources */ = {isa = PBXBuildFile; fileRef = 5B65832113FDF9AE007DCA79 /* CCTouchHandler.m */; };
		5B65832513FDF9AE007DCA79 /* EAGLView.m in Sources */ = {isa = PBXBuildFile; fileRef = 5B65832413FDF9AE007DCA79 /* EAGLView.m */; };
		5B65832813FDF9AE007DCA79 /* ES1Renderer.m in Sources */ = {isa = PBXBuildFile; fileRef = 5B65832713FDF9AE007DCA79 /* ES1Renderer.m */; };
		5B65832B13FDF9AE007DCA79 /* glu.c in Sources */ = {isa = PBXBuildFile; fileRef = 5B65832A13FDF9AE007DCA79 /* glu.c */; };
		5B65832F13FDF9AE007DCA79 /* CCDirectorMac.m in Sources */ = {isa = PBXBuildFile; fileRef = 5B65832E13FDF9AE007DCA79 /* CCDirectorMac.m */; };
		5B65833213FDF9AE007DCA79 /* CCEventDispatcher.m in Sources */ = {isa = PBXBuildFile; fileRef = 5B65833113FDF9AE007DCA79 /* CCEventDispatcher.m */; };
		5B65833513FDF9AE007DCA79 /* MacGLView.m in Sources */ = {isa = PBXBuildFile; fileRef = 5B65833413FDF9AE007DCA79 /* MacGLView.m */; };
		5B65833813FDF9AE007DCA79 /* MacWindow.m in Sources */ = {isa = PBXBuildFile; fileRef = 5B65833713FDF9AE007DCA79 /* MacWindow.m */; };
		5B65833A13FDF9AE007DCA79 /* base64.c in Sources */ = {isa = PBXBuildFile; fileRef = 5B65833913FDF9AE007DCA79 /* base64.c */; };
		5B65833E13FDF9AE007DCA79 /* CCArray.m in Sources */ = {isa = PBXBuildFile; fileRef = 5B65833D13FDF9AE007DCA79 /* CCArray.m */; };
		5B65834213FDF9AE007DCA79 /* CCFileUtils.m in Sources */ = {isa = PBXBuildFile; fileRef = 5B65834113FDF9AE007DCA79 /* CCFileUtils.m */; };
		5B65834513FDF9AE007DCA79 /* CCProfiling.m in Sources */ = {isa = PBXBuildFile; fileRef = 5B65834413FDF9AE007DCA79 /* CCProfiling.m */; };
		5B65834713FDF9AE007DCA79 /* ccUtils.c in Sources */ = {isa = PBXBuildFile; fileRef = 5B65834613FDF9AE007DCA79 /* ccUtils.c */; };
		5B65834B13FDF9AE007DCA79 /* CGPointExtension.m in Sources */ = {isa = PBXBuildFile; fileRef = 5B65834A13FDF9AE007DCA79 /* CGPointExtension.m */; };
		5B65834F13FDF9AF007DCA79 /* TGAlib.m in Sources */ = {isa = PBXBuildFile; fileRef = 5B65834E13FDF9AF007DCA79 /* TGAlib.m */; };
		5B65835213FDF9AF007DCA79 /* TransformUtils.m in Sources */ = {isa = PBXBuildFile; fileRef = 5B65835113FDF9AF007DCA79 /* TransformUtils.m */; };
		5B65835713FDF9AF007DCA79 /* ZipUtils.m in Sources */ = {isa = PBXBuildFile; fileRef = 5B65835613FDF9AF007DCA79 /* ZipUtils.m */; };
		5B65835B13FDF9AF007DCA79 /* CDAudioManager.m in Sources */ = {isa = PBXBuildFile; fileRef = 5B65835A13FDF9AF007DCA79 /* CDAudioManager.m */; };
		5B65835F13FDF9AF007DCA79 /* CDOpenALSupport.m in Sources */ = {isa = PBXBuildFile; fileRef = 5B65835E13FDF9AF007DCA79 /* CDOpenALSupport.m */; };
		5B65836213FDF9AF007DCA79 /* CocosDenshion.m in Sources */ = {isa = PBXBuildFile; fileRef = 5B65836113FDF9AF007DCA79 /* CocosDenshion.m */; };
		5B65836513FDF9AF007DCA79 /* SimpleAudioEngine.m in Sources */ = {isa = PBXBuildFile; fileRef = 5B65836413FDF9AF007DCA79 /* SimpleAudioEngine.m */; };
		5B65836913FDF9AF007DCA79 /* CLScoreServerPost.m in Sources */ = {isa = PBXBuildFile; fileRef = 5B65836813FDF9AF007DCA79 /* CLScoreServerPost.m */; };
		5B65836C13FDF9AF007DCA79 /* CLScoreServerRequest.m in Sources */ = {isa = PBXBuildFile; fileRef = 5B65836B13FDF9AF007DCA79 /* CLScoreServerRequest.m */; };
		5B65836F13FDF9AF007DCA79 /* cocoslive.m in Sources */ = {isa = PBXBuildFile; fileRef = 5B65836E13FDF9AF007DCA79 /* cocoslive.m */; };
		5B65837313FDF9AF007DCA79 /* FontLabel.m in Sources */ = {isa = PBXBuildFile; fileRef = 5B65837213FDF9AF007DCA79 /* FontLabel.m */; };
		5B65837613FDF9AF007DCA79 /* FontLabelStringDrawing.m in Sources */ = {isa = PBXBuildFile; fileRef = 5B65837513FDF9AF007DCA79 /* FontLabelStringDrawing.m */; };
		5B65837913FDF9AF007DCA79 /* FontManager.m in Sources */ = {isa = PBXBuildFile; fileRef = 5B65837813FDF9AF007DCA79 /* FontManager.m */; };
		5B65837C13FDF9AF007DCA79 /* ZAttributedString.m in Sources */ = {isa = PBXBuildFile; fileRef = 5B65837B13FDF9AF007DCA79 /* ZAttributedString.m */; };
		5B65838013FDF9AF007DCA79 /* ZFont.m in Sources */ = {isa = PBXBuildFile; fileRef = 5B65837F13FDF9AF007DCA79 /* ZFont.m */; };
		5B65838413FDF9AF007DCA79 /* CDataScanner.m in Sources */ = {isa = PBXBuildFile; fileRef = 5B65838313FDF9AF007DCA79 /* CDataScanner.m */; };
		5B65838713FDF9AF007DCA79 /* CDataScanner_Extensions.m in Sources */ = {isa = PBXBuildFile; fileRef = 5B65838613FDF9AF007DCA79 /* CDataScanner_Extensions.m */; };
		5B65838A13FDF9AF007DCA79 /* NSCharacterSet_Extensions.m in Sources */ = {isa = PBXBuildFile; fileRef = 5B65838913FDF9AF007DCA79 /* NSCharacterSet_Extensions.m */; };
		5B65838D13FDF9AF007DCA79 /* NSDictionary_JSONExtensions.m in Sources */ = {isa = PBXBuildFile; fileRef = 5B65838C13FDF9AF007DCA79 /* NSDictionary_JSONExtensions.m */; };
		5B65839013FDF9AF007DCA79 /* NSScanner_Extensions.m in Sources */ = {isa = PBXBuildFile; fileRef = 5B65838F13FDF9AF007DCA79 /* NSScanner_Extensions.m */; };
		5B65839313FDF9AF007DCA79 /* CJSONDeserializer.m in Sources */ = {isa = PBXBuildFile; fileRef = 5B65839213FDF9AF007DCA79 /* CJSONDeserializer.m */; };
		5B65839613FDF9AF007DCA79 /* CJSONScanner.m in Sources */ = {isa = PBXBuildFile; fileRef = 5B65839513FDF9AF007DCA79 /* CJSONScanner.m */; };
		5B65839913FDF9AF007DCA79 /* CJSONSerializer.m in Sources */ = {isa = PBXBuildFile; fileRef = 5B65839813FDF9AF007DCA79 /* CJSONSerializer.m */; };
		5B65839D13FDF9AF007DCA79 /* main.m in Sources */ = {isa = PBXBuildFile; fileRef = 5B65839C13FDF9AF007DCA79 /* main.m */; };
		5B6583A013FDF9AF007DCA79 /* AppDelegate.m in Sources */ = {isa = PBXBuildFile; fileRef = 5B65839F13FDF9AF007DCA79 /* AppDelegate.m */; };
		5B6583A313FDF9AF007DCA79 /* RootViewController.m in Sources */ = {isa = PBXBuildFile; fileRef = 5B6583A213FDF9AF007DCA79 /* RootViewController.m */; };
		5B6583A613FDF9AF007DCA79 /* MainMenuScene.m in Sources */ = {isa = PBXBuildFile; fileRef = 5B6583A513FDF9AF007DCA79 /* MainMenuScene.m */; };
		5B6583AF13FDFFAD007DCA79 /* SinglePlayerScene.m in Sources */ = {isa = PBXBuildFile; fileRef = 5B6583AE13FDFFAD007DCA79 /* SinglePlayerScene.m */; };
		5B6583B513FE001E007DCA79 /* MultiplayerScene.m in Sources */ = {isa = PBXBuildFile; fileRef = 5B6583B413FE001E007DCA79 /* MultiplayerScene.m */; };
		5B6583B813FE003E007DCA79 /* SettingsScene.m in Sources */ = {isa = PBXBuildFile; fileRef = 5B6583B713FE003E007DCA79 /* SettingsScene.m */; };
		5B6583BB13FE004D007DCA79 /* AboutScene.m in Sources */ = {isa = PBXBuildFile; fileRef = 5B6583BA13FE004D007DCA79 /* AboutScene.m */; };
		5B6583BD13FE0957007DCA79 /* bg.png in Resources */ = {isa = PBXBuildFile; fileRef = 5B6583BC13FE0957007DCA79 /* bg.png */; };
		5B6583BF13FE0EA5007DCA79 /* puck.png in Resources */ = {isa = PBXBuildFile; fileRef = 5B6583BE13FE0EA5007DCA79 /* puck.png */; };
/* End PBXBuildFile section */

/* Begin PBXFileReference section */
		5B65823E13FDF9AC007DCA79 /* RPS.app */ = {isa = PBXFileReference; explicitFileType = wrapper.application; includeInIndex = 0; path = RPS.app; sourceTree = BUILT_PRODUCTS_DIR; };
		5B65824213FDF9AC007DCA79 /* QuartzCore.framework */ = {isa = PBXFileReference; lastKnownFileType = wrapper.framework; name = QuartzCore.framework; path = System/Library/Frameworks/QuartzCore.framework; sourceTree = SDKROOT; };
		5B65824413FDF9AC007DCA79 /* OpenGLES.framework */ = {isa = PBXFileReference; lastKnownFileType = wrapper.framework; name = OpenGLES.framework; path = System/Library/Frameworks/OpenGLES.framework; sourceTree = SDKROOT; };
		5B65824613FDF9AC007DCA79 /* OpenAL.framework */ = {isa = PBXFileReference; lastKnownFileType = wrapper.framework; name = OpenAL.framework; path = System/Library/Frameworks/OpenAL.framework; sourceTree = SDKROOT; };
		5B65824813FDF9AC007DCA79 /* AudioToolbox.framework */ = {isa = PBXFileReference; lastKnownFileType = wrapper.framework; name = AudioToolbox.framework; path = System/Library/Frameworks/AudioToolbox.framework; sourceTree = SDKROOT; };
		5B65824A13FDF9AC007DCA79 /* AVFoundation.framework */ = {isa = PBXFileReference; lastKnownFileType = wrapper.framework; name = AVFoundation.framework; path = System/Library/Frameworks/AVFoundation.framework; sourceTree = SDKROOT; };
		5B65824C13FDF9AC007DCA79 /* UIKit.framework */ = {isa = PBXFileReference; lastKnownFileType = wrapper.framework; name = UIKit.framework; path = System/Library/Frameworks/UIKit.framework; sourceTree = SDKROOT; };
		5B65824E13FDF9AC007DCA79 /* Foundation.framework */ = {isa = PBXFileReference; lastKnownFileType = wrapper.framework; name = Foundation.framework; path = System/Library/Frameworks/Foundation.framework; sourceTree = SDKROOT; };
		5B65825013FDF9AC007DCA79 /* CoreGraphics.framework */ = {isa = PBXFileReference; lastKnownFileType = wrapper.framework; name = CoreGraphics.framework; path = System/Library/Frameworks/CoreGraphics.framework; sourceTree = SDKROOT; };
		5B65825413FDF9AC007DCA79 /* Default.png */ = {isa = PBXFileReference; lastKnownFileType = image.png; name = Default.png; path = Resources/Default.png; sourceTree = "<group>"; };
		5B65825613FDF9AC007DCA79 /* fps_images.png */ = {isa = PBXFileReference; lastKnownFileType = image.png; name = fps_images.png; path = Resources/fps_images.png; sourceTree = "<group>"; };
		5B65825813FDF9AC007DCA79 /* Icon-72.png */ = {isa = PBXFileReference; lastKnownFileType = image.png; name = "Icon-72.png"; path = "Resources/Icon-72.png"; sourceTree = "<group>"; };
		5B65825A13FDF9AC007DCA79 /* Icon-Small-50.png */ = {isa = PBXFileReference; lastKnownFileType = image.png; name = "Icon-Small-50.png"; path = "Resources/Icon-Small-50.png"; sourceTree = "<group>"; };
		5B65825C13FDF9AC007DCA79 /* Icon-Small.png */ = {isa = PBXFileReference; lastKnownFileType = image.png; name = "Icon-Small.png"; path = "Resources/Icon-Small.png"; sourceTree = "<group>"; };
		5B65825E13FDF9AC007DCA79 /* Icon-Small@2x.png */ = {isa = PBXFileReference; lastKnownFileType = image.png; name = "Icon-Small@2x.png"; path = "Resources/Icon-Small@2x.png"; sourceTree = "<group>"; };
		5B65826013FDF9AC007DCA79 /* Icon.png */ = {isa = PBXFileReference; lastKnownFileType = image.png; name = Icon.png; path = Resources/Icon.png; sourceTree = "<group>"; };
		5B65826213FDF9AC007DCA79 /* Icon@2x.png */ = {isa = PBXFileReference; lastKnownFileType = image.png; name = "Icon@2x.png"; path = "Resources/Icon@2x.png"; sourceTree = "<group>"; };
		5B65826413FDF9AC007DCA79 /* Info.plist */ = {isa = PBXFileReference; lastKnownFileType = text.plist.xml; name = Info.plist; path = Resources/Info.plist; sourceTree = "<group>"; };
		5B65826513FDF9AC007DCA79 /* iTunesArtwork */ = {isa = PBXFileReference; lastKnownFileType = file; name = iTunesArtwork; path = Resources/iTunesArtwork; sourceTree = "<group>"; };
		5B65826813FDF9AC007DCA79 /* CCAction.h */ = {isa = PBXFileReference; lastKnownFileType = sourcecode.c.h; name = CCAction.h; path = libs/cocos2d/CCAction.h; sourceTree = "<group>"; };
		5B65826913FDF9AD007DCA79 /* CCAction.m */ = {isa = PBXFileReference; lastKnownFileType = sourcecode.c.objc; name = CCAction.m; path = libs/cocos2d/CCAction.m; sourceTree = "<group>"; };
		5B65826B13FDF9AD007DCA79 /* CCActionCamera.h */ = {isa = PBXFileReference; lastKnownFileType = sourcecode.c.h; name = CCActionCamera.h; path = libs/cocos2d/CCActionCamera.h; sourceTree = "<group>"; };
		5B65826C13FDF9AD007DCA79 /* CCActionCamera.m */ = {isa = PBXFileReference; lastKnownFileType = sourcecode.c.objc; name = CCActionCamera.m; path = libs/cocos2d/CCActionCamera.m; sourceTree = "<group>"; };
		5B65826E13FDF9AD007DCA79 /* CCActionEase.h */ = {isa = PBXFileReference; lastKnownFileType = sourcecode.c.h; name = CCActionEase.h; path = libs/cocos2d/CCActionEase.h; sourceTree = "<group>"; };
		5B65826F13FDF9AD007DCA79 /* CCActionEase.m */ = {isa = PBXFileReference; lastKnownFileType = sourcecode.c.objc; name = CCActionEase.m; path = libs/cocos2d/CCActionEase.m; sourceTree = "<group>"; };
		5B65827113FDF9AD007DCA79 /* CCActionGrid.h */ = {isa = PBXFileReference; lastKnownFileType = sourcecode.c.h; name = CCActionGrid.h; path = libs/cocos2d/CCActionGrid.h; sourceTree = "<group>"; };
		5B65827213FDF9AD007DCA79 /* CCActionGrid.m */ = {isa = PBXFileReference; lastKnownFileType = sourcecode.c.objc; name = CCActionGrid.m; path = libs/cocos2d/CCActionGrid.m; sourceTree = "<group>"; };
		5B65827413FDF9AD007DCA79 /* CCActionGrid3D.h */ = {isa = PBXFileReference; lastKnownFileType = sourcecode.c.h; name = CCActionGrid3D.h; path = libs/cocos2d/CCActionGrid3D.h; sourceTree = "<group>"; };
		5B65827513FDF9AD007DCA79 /* CCActionGrid3D.m */ = {isa = PBXFileReference; lastKnownFileType = sourcecode.c.objc; name = CCActionGrid3D.m; path = libs/cocos2d/CCActionGrid3D.m; sourceTree = "<group>"; };
		5B65827713FDF9AD007DCA79 /* CCActionInstant.h */ = {isa = PBXFileReference; lastKnownFileType = sourcecode.c.h; name = CCActionInstant.h; path = libs/cocos2d/CCActionInstant.h; sourceTree = "<group>"; };
		5B65827813FDF9AD007DCA79 /* CCActionInstant.m */ = {isa = PBXFileReference; lastKnownFileType = sourcecode.c.objc; name = CCActionInstant.m; path = libs/cocos2d/CCActionInstant.m; sourceTree = "<group>"; };
		5B65827A13FDF9AD007DCA79 /* CCActionInterval.h */ = {isa = PBXFileReference; lastKnownFileType = sourcecode.c.h; name = CCActionInterval.h; path = libs/cocos2d/CCActionInterval.h; sourceTree = "<group>"; };
		5B65827B13FDF9AD007DCA79 /* CCActionInterval.m */ = {isa = PBXFileReference; lastKnownFileType = sourcecode.c.objc; name = CCActionInterval.m; path = libs/cocos2d/CCActionInterval.m; sourceTree = "<group>"; };
		5B65827D13FDF9AD007DCA79 /* CCActionManager.h */ = {isa = PBXFileReference; lastKnownFileType = sourcecode.c.h; name = CCActionManager.h; path = libs/cocos2d/CCActionManager.h; sourceTree = "<group>"; };
		5B65827E13FDF9AD007DCA79 /* CCActionManager.m */ = {isa = PBXFileReference; lastKnownFileType = sourcecode.c.objc; name = CCActionManager.m; path = libs/cocos2d/CCActionManager.m; sourceTree = "<group>"; };
		5B65828013FDF9AD007DCA79 /* CCActionPageTurn3D.h */ = {isa = PBXFileReference; lastKnownFileType = sourcecode.c.h; name = CCActionPageTurn3D.h; path = libs/cocos2d/CCActionPageTurn3D.h; sourceTree = "<group>"; };
		5B65828113FDF9AD007DCA79 /* CCActionPageTurn3D.m */ = {isa = PBXFileReference; lastKnownFileType = sourcecode.c.objc; name = CCActionPageTurn3D.m; path = libs/cocos2d/CCActionPageTurn3D.m; sourceTree = "<group>"; };
		5B65828313FDF9AD007DCA79 /* CCActionProgressTimer.h */ = {isa = PBXFileReference; lastKnownFileType = sourcecode.c.h; name = CCActionProgressTimer.h; path = libs/cocos2d/CCActionProgressTimer.h; sourceTree = "<group>"; };
		5B65828413FDF9AD007DCA79 /* CCActionProgressTimer.m */ = {isa = PBXFileReference; lastKnownFileType = sourcecode.c.objc; name = CCActionProgressTimer.m; path = libs/cocos2d/CCActionProgressTimer.m; sourceTree = "<group>"; };
		5B65828613FDF9AD007DCA79 /* CCActionTiledGrid.h */ = {isa = PBXFileReference; lastKnownFileType = sourcecode.c.h; name = CCActionTiledGrid.h; path = libs/cocos2d/CCActionTiledGrid.h; sourceTree = "<group>"; };
		5B65828713FDF9AD007DCA79 /* CCActionTiledGrid.m */ = {isa = PBXFileReference; lastKnownFileType = sourcecode.c.objc; name = CCActionTiledGrid.m; path = libs/cocos2d/CCActionTiledGrid.m; sourceTree = "<group>"; };
		5B65828913FDF9AD007DCA79 /* CCActionTween.h */ = {isa = PBXFileReference; lastKnownFileType = sourcecode.c.h; name = CCActionTween.h; path = libs/cocos2d/CCActionTween.h; sourceTree = "<group>"; };
		5B65828A13FDF9AD007DCA79 /* CCActionTween.m */ = {isa = PBXFileReference; lastKnownFileType = sourcecode.c.objc; name = CCActionTween.m; path = libs/cocos2d/CCActionTween.m; sourceTree = "<group>"; };
		5B65828C13FDF9AD007DCA79 /* CCAnimation.h */ = {isa = PBXFileReference; lastKnownFileType = sourcecode.c.h; name = CCAnimation.h; path = libs/cocos2d/CCAnimation.h; sourceTree = "<group>"; };
		5B65828D13FDF9AD007DCA79 /* CCAnimation.m */ = {isa = PBXFileReference; lastKnownFileType = sourcecode.c.objc; name = CCAnimation.m; path = libs/cocos2d/CCAnimation.m; sourceTree = "<group>"; };
		5B65828F13FDF9AD007DCA79 /* CCAnimationCache.h */ = {isa = PBXFileReference; lastKnownFileType = sourcecode.c.h; name = CCAnimationCache.h; path = libs/cocos2d/CCAnimationCache.h; sourceTree = "<group>"; };
		5B65829013FDF9AD007DCA79 /* CCAnimationCache.m */ = {isa = PBXFileReference; lastKnownFileType = sourcecode.c.objc; name = CCAnimationCache.m; path = libs/cocos2d/CCAnimationCache.m; sourceTree = "<group>"; };
		5B65829213FDF9AD007DCA79 /* CCAtlasNode.h */ = {isa = PBXFileReference; lastKnownFileType = sourcecode.c.h; name = CCAtlasNode.h; path = libs/cocos2d/CCAtlasNode.h; sourceTree = "<group>"; };
		5B65829313FDF9AD007DCA79 /* CCAtlasNode.m */ = {isa = PBXFileReference; lastKnownFileType = sourcecode.c.objc; name = CCAtlasNode.m; path = libs/cocos2d/CCAtlasNode.m; sourceTree = "<group>"; };
		5B65829513FDF9AD007DCA79 /* CCBlockSupport.h */ = {isa = PBXFileReference; lastKnownFileType = sourcecode.c.h; name = CCBlockSupport.h; path = libs/cocos2d/CCBlockSupport.h; sourceTree = "<group>"; };
		5B65829613FDF9AD007DCA79 /* CCBlockSupport.m */ = {isa = PBXFileReference; lastKnownFileType = sourcecode.c.objc; name = CCBlockSupport.m; path = libs/cocos2d/CCBlockSupport.m; sourceTree = "<group>"; };
		5B65829813FDF9AD007DCA79 /* CCCamera.h */ = {isa = PBXFileReference; lastKnownFileType = sourcecode.c.h; name = CCCamera.h; path = libs/cocos2d/CCCamera.h; sourceTree = "<group>"; };
		5B65829913FDF9AD007DCA79 /* CCCamera.m */ = {isa = PBXFileReference; lastKnownFileType = sourcecode.c.objc; name = CCCamera.m; path = libs/cocos2d/CCCamera.m; sourceTree = "<group>"; };
		5B65829B13FDF9AD007DCA79 /* ccConfig.h */ = {isa = PBXFileReference; lastKnownFileType = sourcecode.c.h; name = ccConfig.h; path = libs/cocos2d/ccConfig.h; sourceTree = "<group>"; };
		5B65829C13FDF9AD007DCA79 /* CCConfiguration.h */ = {isa = PBXFileReference; lastKnownFileType = sourcecode.c.h; name = CCConfiguration.h; path = libs/cocos2d/CCConfiguration.h; sourceTree = "<group>"; };
		5B65829D13FDF9AD007DCA79 /* CCConfiguration.m */ = {isa = PBXFileReference; lastKnownFileType = sourcecode.c.objc; name = CCConfiguration.m; path = libs/cocos2d/CCConfiguration.m; sourceTree = "<group>"; };
		5B65829F13FDF9AD007DCA79 /* CCDirector.h */ = {isa = PBXFileReference; lastKnownFileType = sourcecode.c.h; name = CCDirector.h; path = libs/cocos2d/CCDirector.h; sourceTree = "<group>"; };
		5B6582A013FDF9AD007DCA79 /* CCDirector.m */ = {isa = PBXFileReference; lastKnownFileType = sourcecode.c.objc; name = CCDirector.m; path = libs/cocos2d/CCDirector.m; sourceTree = "<group>"; };
		5B6582A213FDF9AD007DCA79 /* CCDrawingPrimitives.h */ = {isa = PBXFileReference; lastKnownFileType = sourcecode.c.h; name = CCDrawingPrimitives.h; path = libs/cocos2d/CCDrawingPrimitives.h; sourceTree = "<group>"; };
		5B6582A313FDF9AD007DCA79 /* CCDrawingPrimitives.m */ = {isa = PBXFileReference; lastKnownFileType = sourcecode.c.objc; name = CCDrawingPrimitives.m; path = libs/cocos2d/CCDrawingPrimitives.m; sourceTree = "<group>"; };
		5B6582A513FDF9AD007DCA79 /* CCGrabber.h */ = {isa = PBXFileReference; lastKnownFileType = sourcecode.c.h; name = CCGrabber.h; path = libs/cocos2d/CCGrabber.h; sourceTree = "<group>"; };
		5B6582A613FDF9AD007DCA79 /* CCGrabber.m */ = {isa = PBXFileReference; lastKnownFileType = sourcecode.c.objc; name = CCGrabber.m; path = libs/cocos2d/CCGrabber.m; sourceTree = "<group>"; };
		5B6582A813FDF9AD007DCA79 /* CCGrid.h */ = {isa = PBXFileReference; lastKnownFileType = sourcecode.c.h; name = CCGrid.h; path = libs/cocos2d/CCGrid.h; sourceTree = "<group>"; };
		5B6582A913FDF9AD007DCA79 /* CCGrid.m */ = {isa = PBXFileReference; lastKnownFileType = sourcecode.c.objc; name = CCGrid.m; path = libs/cocos2d/CCGrid.m; sourceTree = "<group>"; };
		5B6582AB13FDF9AD007DCA79 /* CCLabelAtlas.h */ = {isa = PBXFileReference; lastKnownFileType = sourcecode.c.h; name = CCLabelAtlas.h; path = libs/cocos2d/CCLabelAtlas.h; sourceTree = "<group>"; };
		5B6582AC13FDF9AD007DCA79 /* CCLabelAtlas.m */ = {isa = PBXFileReference; lastKnownFileType = sourcecode.c.objc; name = CCLabelAtlas.m; path = libs/cocos2d/CCLabelAtlas.m; sourceTree = "<group>"; };
		5B6582AE13FDF9AD007DCA79 /* CCLabelBMFont.h */ = {isa = PBXFileReference; lastKnownFileType = sourcecode.c.h; name = CCLabelBMFont.h; path = libs/cocos2d/CCLabelBMFont.h; sourceTree = "<group>"; };
		5B6582AF13FDF9AD007DCA79 /* CCLabelBMFont.m */ = {isa = PBXFileReference; lastKnownFileType = sourcecode.c.objc; name = CCLabelBMFont.m; path = libs/cocos2d/CCLabelBMFont.m; sourceTree = "<group>"; };
		5B6582B113FDF9AD007DCA79 /* CCLabelTTF.h */ = {isa = PBXFileReference; lastKnownFileType = sourcecode.c.h; name = CCLabelTTF.h; path = libs/cocos2d/CCLabelTTF.h; sourceTree = "<group>"; };
		5B6582B213FDF9AD007DCA79 /* CCLabelTTF.m */ = {isa = PBXFileReference; lastKnownFileType = sourcecode.c.objc; name = CCLabelTTF.m; path = libs/cocos2d/CCLabelTTF.m; sourceTree = "<group>"; };
		5B6582B413FDF9AD007DCA79 /* CCLayer.h */ = {isa = PBXFileReference; lastKnownFileType = sourcecode.c.h; name = CCLayer.h; path = libs/cocos2d/CCLayer.h; sourceTree = "<group>"; };
		5B6582B513FDF9AD007DCA79 /* CCLayer.m */ = {isa = PBXFileReference; lastKnownFileType = sourcecode.c.objc; name = CCLayer.m; path = libs/cocos2d/CCLayer.m; sourceTree = "<group>"; };
		5B6582B713FDF9AD007DCA79 /* ccMacros.h */ = {isa = PBXFileReference; lastKnownFileType = sourcecode.c.h; name = ccMacros.h; path = libs/cocos2d/ccMacros.h; sourceTree = "<group>"; };
		5B6582B813FDF9AD007DCA79 /* CCMenu.h */ = {isa = PBXFileReference; lastKnownFileType = sourcecode.c.h; name = CCMenu.h; path = libs/cocos2d/CCMenu.h; sourceTree = "<group>"; };
		5B6582B913FDF9AD007DCA79 /* CCMenu.m */ = {isa = PBXFileReference; lastKnownFileType = sourcecode.c.objc; name = CCMenu.m; path = libs/cocos2d/CCMenu.m; sourceTree = "<group>"; };
		5B6582BB13FDF9AD007DCA79 /* CCMenuItem.h */ = {isa = PBXFileReference; lastKnownFileType = sourcecode.c.h; name = CCMenuItem.h; path = libs/cocos2d/CCMenuItem.h; sourceTree = "<group>"; };
		5B6582BC13FDF9AD007DCA79 /* CCMenuItem.m */ = {isa = PBXFileReference; lastKnownFileType = sourcecode.c.objc; name = CCMenuItem.m; path = libs/cocos2d/CCMenuItem.m; sourceTree = "<group>"; };
		5B6582BE13FDF9AD007DCA79 /* CCMotionStreak.h */ = {isa = PBXFileReference; lastKnownFileType = sourcecode.c.h; name = CCMotionStreak.h; path = libs/cocos2d/CCMotionStreak.h; sourceTree = "<group>"; };
		5B6582BF13FDF9AD007DCA79 /* CCMotionStreak.m */ = {isa = PBXFileReference; lastKnownFileType = sourcecode.c.objc; name = CCMotionStreak.m; path = libs/cocos2d/CCMotionStreak.m; sourceTree = "<group>"; };
		5B6582C113FDF9AD007DCA79 /* CCNode.h */ = {isa = PBXFileReference; lastKnownFileType = sourcecode.c.h; name = CCNode.h; path = libs/cocos2d/CCNode.h; sourceTree = "<group>"; };
		5B6582C213FDF9AD007DCA79 /* CCNode.m */ = {isa = PBXFileReference; lastKnownFileType = sourcecode.c.objc; name = CCNode.m; path = libs/cocos2d/CCNode.m; sourceTree = "<group>"; };
		5B6582C413FDF9AD007DCA79 /* CCParallaxNode.h */ = {isa = PBXFileReference; lastKnownFileType = sourcecode.c.h; name = CCParallaxNode.h; path = libs/cocos2d/CCParallaxNode.h; sourceTree = "<group>"; };
		5B6582C513FDF9AD007DCA79 /* CCParallaxNode.m */ = {isa = PBXFileReference; lastKnownFileType = sourcecode.c.objc; name = CCParallaxNode.m; path = libs/cocos2d/CCParallaxNode.m; sourceTree = "<group>"; };
		5B6582C713FDF9AD007DCA79 /* CCParticleExamples.h */ = {isa = PBXFileReference; lastKnownFileType = sourcecode.c.h; name = CCParticleExamples.h; path = libs/cocos2d/CCParticleExamples.h; sourceTree = "<group>"; };
		5B6582C813FDF9AD007DCA79 /* CCParticleExamples.m */ = {isa = PBXFileReference; lastKnownFileType = sourcecode.c.objc; name = CCParticleExamples.m; path = libs/cocos2d/CCParticleExamples.m; sourceTree = "<group>"; };
		5B6582CA13FDF9AD007DCA79 /* CCParticleSystem.h */ = {isa = PBXFileReference; lastKnownFileType = sourcecode.c.h; name = CCParticleSystem.h; path = libs/cocos2d/CCParticleSystem.h; sourceTree = "<group>"; };
		5B6582CB13FDF9AD007DCA79 /* CCParticleSystem.m */ = {isa = PBXFileReference; lastKnownFileType = sourcecode.c.objc; name = CCParticleSystem.m; path = libs/cocos2d/CCParticleSystem.m; sourceTree = "<group>"; };
		5B6582CD13FDF9AD007DCA79 /* CCParticleSystemPoint.h */ = {isa = PBXFileReference; lastKnownFileType = sourcecode.c.h; name = CCParticleSystemPoint.h; path = libs/cocos2d/CCParticleSystemPoint.h; sourceTree = "<group>"; };
		5B6582CE13FDF9AD007DCA79 /* CCParticleSystemPoint.m */ = {isa = PBXFileReference; lastKnownFileType = sourcecode.c.objc; name = CCParticleSystemPoint.m; path = libs/cocos2d/CCParticleSystemPoint.m; sourceTree = "<group>"; };
		5B6582D013FDF9AD007DCA79 /* CCParticleSystemQuad.h */ = {isa = PBXFileReference; lastKnownFileType = sourcecode.c.h; name = CCParticleSystemQuad.h; path = libs/cocos2d/CCParticleSystemQuad.h; sourceTree = "<group>"; };
		5B6582D113FDF9AD007DCA79 /* CCParticleSystemQuad.m */ = {isa = PBXFileReference; lastKnownFileType = sourcecode.c.objc; name = CCParticleSystemQuad.m; path = libs/cocos2d/CCParticleSystemQuad.m; sourceTree = "<group>"; };
		5B6582D313FDF9AD007DCA79 /* CCProgressTimer.h */ = {isa = PBXFileReference; lastKnownFileType = sourcecode.c.h; name = CCProgressTimer.h; path = libs/cocos2d/CCProgressTimer.h; sourceTree = "<group>"; };
		5B6582D413FDF9AD007DCA79 /* CCProgressTimer.m */ = {isa = PBXFileReference; lastKnownFileType = sourcecode.c.objc; name = CCProgressTimer.m; path = libs/cocos2d/CCProgressTimer.m; sourceTree = "<group>"; };
		5B6582D613FDF9AD007DCA79 /* CCProtocols.h */ = {isa = PBXFileReference; lastKnownFileType = sourcecode.c.h; name = CCProtocols.h; path = libs/cocos2d/CCProtocols.h; sourceTree = "<group>"; };
		5B6582D713FDF9AD007DCA79 /* CCRenderTexture.h */ = {isa = PBXFileReference; lastKnownFileType = sourcecode.c.h; name = CCRenderTexture.h; path = libs/cocos2d/CCRenderTexture.h; sourceTree = "<group>"; };
		5B6582D813FDF9AE007DCA79 /* CCRenderTexture.m */ = {isa = PBXFileReference; lastKnownFileType = sourcecode.c.objc; name = CCRenderTexture.m; path = libs/cocos2d/CCRenderTexture.m; sourceTree = "<group>"; };
		5B6582DA13FDF9AE007DCA79 /* CCRibbon.h */ = {isa = PBXFileReference; lastKnownFileType = sourcecode.c.h; name = CCRibbon.h; path = libs/cocos2d/CCRibbon.h; sourceTree = "<group>"; };
		5B6582DB13FDF9AE007DCA79 /* CCRibbon.m */ = {isa = PBXFileReference; lastKnownFileType = sourcecode.c.objc; name = CCRibbon.m; path = libs/cocos2d/CCRibbon.m; sourceTree = "<group>"; };
		5B6582DD13FDF9AE007DCA79 /* CCScene.h */ = {isa = PBXFileReference; lastKnownFileType = sourcecode.c.h; name = CCScene.h; path = libs/cocos2d/CCScene.h; sourceTree = "<group>"; };
		5B6582DE13FDF9AE007DCA79 /* CCScene.m */ = {isa = PBXFileReference; lastKnownFileType = sourcecode.c.objc; name = CCScene.m; path = libs/cocos2d/CCScene.m; sourceTree = "<group>"; };
		5B6582E013FDF9AE007DCA79 /* CCScheduler.h */ = {isa = PBXFileReference; lastKnownFileType = sourcecode.c.h; name = CCScheduler.h; path = libs/cocos2d/CCScheduler.h; sourceTree = "<group>"; };
		5B6582E113FDF9AE007DCA79 /* CCScheduler.m */ = {isa = PBXFileReference; lastKnownFileType = sourcecode.c.objc; name = CCScheduler.m; path = libs/cocos2d/CCScheduler.m; sourceTree = "<group>"; };
		5B6582E313FDF9AE007DCA79 /* CCSprite.h */ = {isa = PBXFileReference; lastKnownFileType = sourcecode.c.h; name = CCSprite.h; path = libs/cocos2d/CCSprite.h; sourceTree = "<group>"; };
		5B6582E413FDF9AE007DCA79 /* CCSprite.m */ = {isa = PBXFileReference; lastKnownFileType = sourcecode.c.objc; name = CCSprite.m; path = libs/cocos2d/CCSprite.m; sourceTree = "<group>"; };
		5B6582E613FDF9AE007DCA79 /* CCSpriteBatchNode.h */ = {isa = PBXFileReference; lastKnownFileType = sourcecode.c.h; name = CCSpriteBatchNode.h; path = libs/cocos2d/CCSpriteBatchNode.h; sourceTree = "<group>"; };
		5B6582E713FDF9AE007DCA79 /* CCSpriteBatchNode.m */ = {isa = PBXFileReference; lastKnownFileType = sourcecode.c.objc; name = CCSpriteBatchNode.m; path = libs/cocos2d/CCSpriteBatchNode.m; sourceTree = "<group>"; };
		5B6582E913FDF9AE007DCA79 /* CCSpriteFrame.h */ = {isa = PBXFileReference; lastKnownFileType = sourcecode.c.h; name = CCSpriteFrame.h; path = libs/cocos2d/CCSpriteFrame.h; sourceTree = "<group>"; };
		5B6582EA13FDF9AE007DCA79 /* CCSpriteFrame.m */ = {isa = PBXFileReference; lastKnownFileType = sourcecode.c.objc; name = CCSpriteFrame.m; path = libs/cocos2d/CCSpriteFrame.m; sourceTree = "<group>"; };
		5B6582EC13FDF9AE007DCA79 /* CCSpriteFrameCache.h */ = {isa = PBXFileReference; lastKnownFileType = sourcecode.c.h; name = CCSpriteFrameCache.h; path = libs/cocos2d/CCSpriteFrameCache.h; sourceTree = "<group>"; };
		5B6582ED13FDF9AE007DCA79 /* CCSpriteFrameCache.m */ = {isa = PBXFileReference; lastKnownFileType = sourcecode.c.objc; name = CCSpriteFrameCache.m; path = libs/cocos2d/CCSpriteFrameCache.m; sourceTree = "<group>"; };
		5B6582EF13FDF9AE007DCA79 /* CCTexture2D.h */ = {isa = PBXFileReference; lastKnownFileType = sourcecode.c.h; name = CCTexture2D.h; path = libs/cocos2d/CCTexture2D.h; sourceTree = "<group>"; };
		5B6582F013FDF9AE007DCA79 /* CCTexture2D.m */ = {isa = PBXFileReference; lastKnownFileType = sourcecode.c.objc; name = CCTexture2D.m; path = libs/cocos2d/CCTexture2D.m; sourceTree = "<group>"; };
		5B6582F213FDF9AE007DCA79 /* CCTextureAtlas.h */ = {isa = PBXFileReference; lastKnownFileType = sourcecode.c.h; name = CCTextureAtlas.h; path = libs/cocos2d/CCTextureAtlas.h; sourceTree = "<group>"; };
		5B6582F313FDF9AE007DCA79 /* CCTextureAtlas.m */ = {isa = PBXFileReference; lastKnownFileType = sourcecode.c.objc; name = CCTextureAtlas.m; path = libs/cocos2d/CCTextureAtlas.m; sourceTree = "<group>"; };
		5B6582F513FDF9AE007DCA79 /* CCTextureCache.h */ = {isa = PBXFileReference; lastKnownFileType = sourcecode.c.h; name = CCTextureCache.h; path = libs/cocos2d/CCTextureCache.h; sourceTree = "<group>"; };
		5B6582F613FDF9AE007DCA79 /* CCTextureCache.m */ = {isa = PBXFileReference; lastKnownFileType = sourcecode.c.objc; name = CCTextureCache.m; path = libs/cocos2d/CCTextureCache.m; sourceTree = "<group>"; };
		5B6582F813FDF9AE007DCA79 /* CCTexturePVR.h */ = {isa = PBXFileReference; lastKnownFileType = sourcecode.c.h; name = CCTexturePVR.h; path = libs/cocos2d/CCTexturePVR.h; sourceTree = "<group>"; };
		5B6582F913FDF9AE007DCA79 /* CCTexturePVR.m */ = {isa = PBXFileReference; lastKnownFileType = sourcecode.c.objc; name = CCTexturePVR.m; path = libs/cocos2d/CCTexturePVR.m; sourceTree = "<group>"; };
		5B6582FB13FDF9AE007DCA79 /* CCTileMapAtlas.h */ = {isa = PBXFileReference; lastKnownFileType = sourcecode.c.h; name = CCTileMapAtlas.h; path = libs/cocos2d/CCTileMapAtlas.h; sourceTree = "<group>"; };
		5B6582FC13FDF9AE007DCA79 /* CCTileMapAtlas.m */ = {isa = PBXFileReference; lastKnownFileType = sourcecode.c.objc; name = CCTileMapAtlas.m; path = libs/cocos2d/CCTileMapAtlas.m; sourceTree = "<group>"; };
		5B6582FE13FDF9AE007DCA79 /* CCTMXLayer.h */ = {isa = PBXFileReference; lastKnownFileType = sourcecode.c.h; name = CCTMXLayer.h; path = libs/cocos2d/CCTMXLayer.h; sourceTree = "<group>"; };
		5B6582FF13FDF9AE007DCA79 /* CCTMXLayer.m */ = {isa = PBXFileReference; lastKnownFileType = sourcecode.c.objc; name = CCTMXLayer.m; path = libs/cocos2d/CCTMXLayer.m; sourceTree = "<group>"; };
		5B65830113FDF9AE007DCA79 /* CCTMXObjectGroup.h */ = {isa = PBXFileReference; lastKnownFileType = sourcecode.c.h; name = CCTMXObjectGroup.h; path = libs/cocos2d/CCTMXObjectGroup.h; sourceTree = "<group>"; };
		5B65830213FDF9AE007DCA79 /* CCTMXObjectGroup.m */ = {isa = PBXFileReference; lastKnownFileType = sourcecode.c.objc; name = CCTMXObjectGroup.m; path = libs/cocos2d/CCTMXObjectGroup.m; sourceTree = "<group>"; };
		5B65830413FDF9AE007DCA79 /* CCTMXTiledMap.h */ = {isa = PBXFileReference; lastKnownFileType = sourcecode.c.h; name = CCTMXTiledMap.h; path = libs/cocos2d/CCTMXTiledMap.h; sourceTree = "<group>"; };
		5B65830513FDF9AE007DCA79 /* CCTMXTiledMap.m */ = {isa = PBXFileReference; lastKnownFileType = sourcecode.c.objc; name = CCTMXTiledMap.m; path = libs/cocos2d/CCTMXTiledMap.m; sourceTree = "<group>"; };
		5B65830713FDF9AE007DCA79 /* CCTMXXMLParser.h */ = {isa = PBXFileReference; lastKnownFileType = sourcecode.c.h; name = CCTMXXMLParser.h; path = libs/cocos2d/CCTMXXMLParser.h; sourceTree = "<group>"; };
		5B65830813FDF9AE007DCA79 /* CCTMXXMLParser.m */ = {isa = PBXFileReference; lastKnownFileType = sourcecode.c.objc; name = CCTMXXMLParser.m; path = libs/cocos2d/CCTMXXMLParser.m; sourceTree = "<group>"; };
		5B65830A13FDF9AE007DCA79 /* CCTransition.h */ = {isa = PBXFileReference; lastKnownFileType = sourcecode.c.h; name = CCTransition.h; path = libs/cocos2d/CCTransition.h; sourceTree = "<group>"; };
		5B65830B13FDF9AE007DCA79 /* CCTransition.m */ = {isa = PBXFileReference; lastKnownFileType = sourcecode.c.objc; name = CCTransition.m; path = libs/cocos2d/CCTransition.m; sourceTree = "<group>"; };
		5B65830D13FDF9AE007DCA79 /* CCTransitionPageTurn.h */ = {isa = PBXFileReference; lastKnownFileType = sourcecode.c.h; name = CCTransitionPageTurn.h; path = libs/cocos2d/CCTransitionPageTurn.h; sourceTree = "<group>"; };
		5B65830E13FDF9AE007DCA79 /* CCTransitionPageTurn.m */ = {isa = PBXFileReference; lastKnownFileType = sourcecode.c.objc; name = CCTransitionPageTurn.m; path = libs/cocos2d/CCTransitionPageTurn.m; sourceTree = "<group>"; };
		5B65831013FDF9AE007DCA79 /* CCTransitionRadial.h */ = {isa = PBXFileReference; lastKnownFileType = sourcecode.c.h; name = CCTransitionRadial.h; path = libs/cocos2d/CCTransitionRadial.h; sourceTree = "<group>"; };
		5B65831113FDF9AE007DCA79 /* CCTransitionRadial.m */ = {isa = PBXFileReference; lastKnownFileType = sourcecode.c.objc; name = CCTransitionRadial.m; path = libs/cocos2d/CCTransitionRadial.m; sourceTree = "<group>"; };
		5B65831313FDF9AE007DCA79 /* ccTypes.h */ = {isa = PBXFileReference; lastKnownFileType = sourcecode.c.h; name = ccTypes.h; path = libs/cocos2d/ccTypes.h; sourceTree = "<group>"; };
		5B65831413FDF9AE007DCA79 /* cocos2d.h */ = {isa = PBXFileReference; lastKnownFileType = sourcecode.c.h; name = cocos2d.h; path = libs/cocos2d/cocos2d.h; sourceTree = "<group>"; };
		5B65831513FDF9AE007DCA79 /* cocos2d.m */ = {isa = PBXFileReference; lastKnownFileType = sourcecode.c.objc; name = cocos2d.m; path = libs/cocos2d/cocos2d.m; sourceTree = "<group>"; };
		5B65831713FDF9AE007DCA79 /* CCGL.h */ = {isa = PBXFileReference; lastKnownFileType = sourcecode.c.h; name = CCGL.h; path = libs/cocos2d/Platforms/CCGL.h; sourceTree = "<group>"; };
		5B65831813FDF9AE007DCA79 /* CCNS.h */ = {isa = PBXFileReference; lastKnownFileType = sourcecode.c.h; name = CCNS.h; path = libs/cocos2d/Platforms/CCNS.h; sourceTree = "<group>"; };
		5B65831913FDF9AE007DCA79 /* CCDirectorIOS.h */ = {isa = PBXFileReference; lastKnownFileType = sourcecode.c.h; name = CCDirectorIOS.h; path = libs/cocos2d/Platforms/iOS/CCDirectorIOS.h; sourceTree = "<group>"; };
		5B65831A13FDF9AE007DCA79 /* CCDirectorIOS.m */ = {isa = PBXFileReference; lastKnownFileType = sourcecode.c.objc; name = CCDirectorIOS.m; path = libs/cocos2d/Platforms/iOS/CCDirectorIOS.m; sourceTree = "<group>"; };
		5B65831C13FDF9AE007DCA79 /* CCTouchDelegateProtocol.h */ = {isa = PBXFileReference; lastKnownFileType = sourcecode.c.h; name = CCTouchDelegateProtocol.h; path = libs/cocos2d/Platforms/iOS/CCTouchDelegateProtocol.h; sourceTree = "<group>"; };
		5B65831D13FDF9AE007DCA79 /* CCTouchDispatcher.h */ = {isa = PBXFileReference; lastKnownFileType = sourcecode.c.h; name = CCTouchDispatcher.h; path = libs/cocos2d/Platforms/iOS/CCTouchDispatcher.h; sourceTree = "<group>"; };
		5B65831E13FDF9AE007DCA79 /* CCTouchDispatcher.m */ = {isa = PBXFileReference; lastKnownFileType = sourcecode.c.objc; name = CCTouchDispatcher.m; path = libs/cocos2d/Platforms/iOS/CCTouchDispatcher.m; sourceTree = "<group>"; };
		5B65832013FDF9AE007DCA79 /* CCTouchHandler.h */ = {isa = PBXFileReference; lastKnownFileType = sourcecode.c.h; name = CCTouchHandler.h; path = libs/cocos2d/Platforms/iOS/CCTouchHandler.h; sourceTree = "<group>"; };
		5B65832113FDF9AE007DCA79 /* CCTouchHandler.m */ = {isa = PBXFileReference; lastKnownFileType = sourcecode.c.objc; name = CCTouchHandler.m; path = libs/cocos2d/Platforms/iOS/CCTouchHandler.m; sourceTree = "<group>"; };
		5B65832313FDF9AE007DCA79 /* EAGLView.h */ = {isa = PBXFileReference; lastKnownFileType = sourcecode.c.h; name = EAGLView.h; path = libs/cocos2d/Platforms/iOS/EAGLView.h; sourceTree = "<group>"; };
		5B65832413FDF9AE007DCA79 /* EAGLView.m */ = {isa = PBXFileReference; lastKnownFileType = sourcecode.c.objc; name = EAGLView.m; path = libs/cocos2d/Platforms/iOS/EAGLView.m; sourceTree = "<group>"; };
		5B65832613FDF9AE007DCA79 /* ES1Renderer.h */ = {isa = PBXFileReference; lastKnownFileType = sourcecode.c.h; name = ES1Renderer.h; path = libs/cocos2d/Platforms/iOS/ES1Renderer.h; sourceTree = "<group>"; };
		5B65832713FDF9AE007DCA79 /* ES1Renderer.m */ = {isa = PBXFileReference; lastKnownFileType = sourcecode.c.objc; name = ES1Renderer.m; path = libs/cocos2d/Platforms/iOS/ES1Renderer.m; sourceTree = "<group>"; };
		5B65832913FDF9AE007DCA79 /* ESRenderer.h */ = {isa = PBXFileReference; lastKnownFileType = sourcecode.c.h; name = ESRenderer.h; path = libs/cocos2d/Platforms/iOS/ESRenderer.h; sourceTree = "<group>"; };
		5B65832A13FDF9AE007DCA79 /* glu.c */ = {isa = PBXFileReference; lastKnownFileType = sourcecode.c.c; name = glu.c; path = libs/cocos2d/Platforms/iOS/glu.c; sourceTree = "<group>"; };
		5B65832C13FDF9AE007DCA79 /* glu.h */ = {isa = PBXFileReference; lastKnownFileType = sourcecode.c.h; name = glu.h; path = libs/cocos2d/Platforms/iOS/glu.h; sourceTree = "<group>"; };
		5B65832D13FDF9AE007DCA79 /* CCDirectorMac.h */ = {isa = PBXFileReference; lastKnownFileType = sourcecode.c.h; name = CCDirectorMac.h; path = libs/cocos2d/Platforms/Mac/CCDirectorMac.h; sourceTree = "<group>"; };
		5B65832E13FDF9AE007DCA79 /* CCDirectorMac.m */ = {isa = PBXFileReference; lastKnownFileType = sourcecode.c.objc; name = CCDirectorMac.m; path = libs/cocos2d/Platforms/Mac/CCDirectorMac.m; sourceTree = "<group>"; };
		5B65833013FDF9AE007DCA79 /* CCEventDispatcher.h */ = {isa = PBXFileReference; lastKnownFileType = sourcecode.c.h; name = CCEventDispatcher.h; path = libs/cocos2d/Platforms/Mac/CCEventDispatcher.h; sourceTree = "<group>"; };
		5B65833113FDF9AE007DCA79 /* CCEventDispatcher.m */ = {isa = PBXFileReference; lastKnownFileType = sourcecode.c.objc; name = CCEventDispatcher.m; path = libs/cocos2d/Platforms/Mac/CCEventDispatcher.m; sourceTree = "<group>"; };
		5B65833313FDF9AE007DCA79 /* MacGLView.h */ = {isa = PBXFileReference; lastKnownFileType = sourcecode.c.h; name = MacGLView.h; path = libs/cocos2d/Platforms/Mac/MacGLView.h; sourceTree = "<group>"; };
		5B65833413FDF9AE007DCA79 /* MacGLView.m */ = {isa = PBXFileReference; lastKnownFileType = sourcecode.c.objc; name = MacGLView.m; path = libs/cocos2d/Platforms/Mac/MacGLView.m; sourceTree = "<group>"; };
		5B65833613FDF9AE007DCA79 /* MacWindow.h */ = {isa = PBXFileReference; lastKnownFileType = sourcecode.c.h; name = MacWindow.h; path = libs/cocos2d/Platforms/Mac/MacWindow.h; sourceTree = "<group>"; };
		5B65833713FDF9AE007DCA79 /* MacWindow.m */ = {isa = PBXFileReference; lastKnownFileType = sourcecode.c.objc; name = MacWindow.m; path = libs/cocos2d/Platforms/Mac/MacWindow.m; sourceTree = "<group>"; };
		5B65833913FDF9AE007DCA79 /* base64.c */ = {isa = PBXFileReference; lastKnownFileType = sourcecode.c.c; name = base64.c; path = libs/cocos2d/Support/base64.c; sourceTree = "<group>"; };
		5B65833B13FDF9AE007DCA79 /* base64.h */ = {isa = PBXFileReference; lastKnownFileType = sourcecode.c.h; name = base64.h; path = libs/cocos2d/Support/base64.h; sourceTree = "<group>"; };
		5B65833C13FDF9AE007DCA79 /* CCArray.h */ = {isa = PBXFileReference; lastKnownFileType = sourcecode.c.h; name = CCArray.h; path = libs/cocos2d/Support/CCArray.h; sourceTree = "<group>"; };
		5B65833D13FDF9AE007DCA79 /* CCArray.m */ = {isa = PBXFileReference; lastKnownFileType = sourcecode.c.objc; name = CCArray.m; path = libs/cocos2d/Support/CCArray.m; sourceTree = "<group>"; };
		5B65833F13FDF9AE007DCA79 /* ccCArray.h */ = {isa = PBXFileReference; lastKnownFileType = sourcecode.c.h; name = ccCArray.h; path = libs/cocos2d/Support/ccCArray.h; sourceTree = "<group>"; };
		5B65834013FDF9AE007DCA79 /* CCFileUtils.h */ = {isa = PBXFileReference; lastKnownFileType = sourcecode.c.h; name = CCFileUtils.h; path = libs/cocos2d/Support/CCFileUtils.h; sourceTree = "<group>"; };
		5B65834113FDF9AE007DCA79 /* CCFileUtils.m */ = {isa = PBXFileReference; lastKnownFileType = sourcecode.c.objc; name = CCFileUtils.m; path = libs/cocos2d/Support/CCFileUtils.m; sourceTree = "<group>"; };
		5B65834313FDF9AE007DCA79 /* CCProfiling.h */ = {isa = PBXFileReference; lastKnownFileType = sourcecode.c.h; name = CCProfiling.h; path = libs/cocos2d/Support/CCProfiling.h; sourceTree = "<group>"; };
		5B65834413FDF9AE007DCA79 /* CCProfiling.m */ = {isa = PBXFileReference; lastKnownFileType = sourcecode.c.objc; name = CCProfiling.m; path = libs/cocos2d/Support/CCProfiling.m; sourceTree = "<group>"; };
		5B65834613FDF9AE007DCA79 /* ccUtils.c */ = {isa = PBXFileReference; lastKnownFileType = sourcecode.c.c; name = ccUtils.c; path = libs/cocos2d/Support/ccUtils.c; sourceTree = "<group>"; };
		5B65834813FDF9AE007DCA79 /* ccUtils.h */ = {isa = PBXFileReference; lastKnownFileType = sourcecode.c.h; name = ccUtils.h; path = libs/cocos2d/Support/ccUtils.h; sourceTree = "<group>"; };
		5B65834913FDF9AE007DCA79 /* CGPointExtension.h */ = {isa = PBXFileReference; lastKnownFileType = sourcecode.c.h; name = CGPointExtension.h; path = libs/cocos2d/Support/CGPointExtension.h; sourceTree = "<group>"; };
		5B65834A13FDF9AE007DCA79 /* CGPointExtension.m */ = {isa = PBXFileReference; lastKnownFileType = sourcecode.c.objc; name = CGPointExtension.m; path = libs/cocos2d/Support/CGPointExtension.m; sourceTree = "<group>"; };
		5B65834C13FDF9AE007DCA79 /* OpenGL_Internal.h */ = {isa = PBXFileReference; lastKnownFileType = sourcecode.c.h; name = OpenGL_Internal.h; path = libs/cocos2d/Support/OpenGL_Internal.h; sourceTree = "<group>"; };
		5B65834D13FDF9AF007DCA79 /* TGAlib.h */ = {isa = PBXFileReference; lastKnownFileType = sourcecode.c.h; name = TGAlib.h; path = libs/cocos2d/Support/TGAlib.h; sourceTree = "<group>"; };
		5B65834E13FDF9AF007DCA79 /* TGAlib.m */ = {isa = PBXFileReference; lastKnownFileType = sourcecode.c.objc; name = TGAlib.m; path = libs/cocos2d/Support/TGAlib.m; sourceTree = "<group>"; };
		5B65835013FDF9AF007DCA79 /* TransformUtils.h */ = {isa = PBXFileReference; lastKnownFileType = sourcecode.c.h; name = TransformUtils.h; path = libs/cocos2d/Support/TransformUtils.h; sourceTree = "<group>"; };
		5B65835113FDF9AF007DCA79 /* TransformUtils.m */ = {isa = PBXFileReference; lastKnownFileType = sourcecode.c.objc; name = TransformUtils.m; path = libs/cocos2d/Support/TransformUtils.m; sourceTree = "<group>"; };
		5B65835313FDF9AF007DCA79 /* uthash.h */ = {isa = PBXFileReference; lastKnownFileType = sourcecode.c.h; name = uthash.h; path = libs/cocos2d/Support/uthash.h; sourceTree = "<group>"; };
		5B65835413FDF9AF007DCA79 /* utlist.h */ = {isa = PBXFileReference; lastKnownFileType = sourcecode.c.h; name = utlist.h; path = libs/cocos2d/Support/utlist.h; sourceTree = "<group>"; };
		5B65835513FDF9AF007DCA79 /* ZipUtils.h */ = {isa = PBXFileReference; lastKnownFileType = sourcecode.c.h; name = ZipUtils.h; path = libs/cocos2d/Support/ZipUtils.h; sourceTree = "<group>"; };
		5B65835613FDF9AF007DCA79 /* ZipUtils.m */ = {isa = PBXFileReference; lastKnownFileType = sourcecode.c.objc; name = ZipUtils.m; path = libs/cocos2d/Support/ZipUtils.m; sourceTree = "<group>"; };
		5B65835913FDF9AF007DCA79 /* CDAudioManager.h */ = {isa = PBXFileReference; lastKnownFileType = sourcecode.c.h; name = CDAudioManager.h; path = libs/CocosDenshion/CDAudioManager.h; sourceTree = "<group>"; };
		5B65835A13FDF9AF007DCA79 /* CDAudioManager.m */ = {isa = PBXFileReference; lastKnownFileType = sourcecode.c.objc; name = CDAudioManager.m; path = libs/CocosDenshion/CDAudioManager.m; sourceTree = "<group>"; };
		5B65835C13FDF9AF007DCA79 /* CDConfig.h */ = {isa = PBXFileReference; lastKnownFileType = sourcecode.c.h; name = CDConfig.h; path = libs/CocosDenshion/CDConfig.h; sourceTree = "<group>"; };
		5B65835D13FDF9AF007DCA79 /* CDOpenALSupport.h */ = {isa = PBXFileReference; lastKnownFileType = sourcecode.c.h; name = CDOpenALSupport.h; path = libs/CocosDenshion/CDOpenALSupport.h; sourceTree = "<group>"; };
		5B65835E13FDF9AF007DCA79 /* CDOpenALSupport.m */ = {isa = PBXFileReference; lastKnownFileType = sourcecode.c.objc; name = CDOpenALSupport.m; path = libs/CocosDenshion/CDOpenALSupport.m; sourceTree = "<group>"; };
		5B65836013FDF9AF007DCA79 /* CocosDenshion.h */ = {isa = PBXFileReference; lastKnownFileType = sourcecode.c.h; name = CocosDenshion.h; path = libs/CocosDenshion/CocosDenshion.h; sourceTree = "<group>"; };
		5B65836113FDF9AF007DCA79 /* CocosDenshion.m */ = {isa = PBXFileReference; lastKnownFileType = sourcecode.c.objc; name = CocosDenshion.m; path = libs/CocosDenshion/CocosDenshion.m; sourceTree = "<group>"; };
		5B65836313FDF9AF007DCA79 /* SimpleAudioEngine.h */ = {isa = PBXFileReference; lastKnownFileType = sourcecode.c.h; name = SimpleAudioEngine.h; path = libs/CocosDenshion/SimpleAudioEngine.h; sourceTree = "<group>"; };
		5B65836413FDF9AF007DCA79 /* SimpleAudioEngine.m */ = {isa = PBXFileReference; lastKnownFileType = sourcecode.c.objc; name = SimpleAudioEngine.m; path = libs/CocosDenshion/SimpleAudioEngine.m; sourceTree = "<group>"; };
		5B65836713FDF9AF007DCA79 /* CLScoreServerPost.h */ = {isa = PBXFileReference; lastKnownFileType = sourcecode.c.h; name = CLScoreServerPost.h; path = libs/cocoslive/CLScoreServerPost.h; sourceTree = "<group>"; };
		5B65836813FDF9AF007DCA79 /* CLScoreServerPost.m */ = {isa = PBXFileReference; lastKnownFileType = sourcecode.c.objc; name = CLScoreServerPost.m; path = libs/cocoslive/CLScoreServerPost.m; sourceTree = "<group>"; };
		5B65836A13FDF9AF007DCA79 /* CLScoreServerRequest.h */ = {isa = PBXFileReference; lastKnownFileType = sourcecode.c.h; name = CLScoreServerRequest.h; path = libs/cocoslive/CLScoreServerRequest.h; sourceTree = "<group>"; };
		5B65836B13FDF9AF007DCA79 /* CLScoreServerRequest.m */ = {isa = PBXFileReference; lastKnownFileType = sourcecode.c.objc; name = CLScoreServerRequest.m; path = libs/cocoslive/CLScoreServerRequest.m; sourceTree = "<group>"; };
		5B65836D13FDF9AF007DCA79 /* cocoslive.h */ = {isa = PBXFileReference; lastKnownFileType = sourcecode.c.h; name = cocoslive.h; path = libs/cocoslive/cocoslive.h; sourceTree = "<group>"; };
		5B65836E13FDF9AF007DCA79 /* cocoslive.m */ = {isa = PBXFileReference; lastKnownFileType = sourcecode.c.objc; name = cocoslive.m; path = libs/cocoslive/cocoslive.m; sourceTree = "<group>"; };
		5B65837113FDF9AF007DCA79 /* FontLabel.h */ = {isa = PBXFileReference; lastKnownFileType = sourcecode.c.h; name = FontLabel.h; path = libs/FontLabel/FontLabel.h; sourceTree = "<group>"; };
		5B65837213FDF9AF007DCA79 /* FontLabel.m */ = {isa = PBXFileReference; lastKnownFileType = sourcecode.c.objc; name = FontLabel.m; path = libs/FontLabel/FontLabel.m; sourceTree = "<group>"; };
		5B65837413FDF9AF007DCA79 /* FontLabelStringDrawing.h */ = {isa = PBXFileReference; lastKnownFileType = sourcecode.c.h; name = FontLabelStringDrawing.h; path = libs/FontLabel/FontLabelStringDrawing.h; sourceTree = "<group>"; };
		5B65837513FDF9AF007DCA79 /* FontLabelStringDrawing.m */ = {isa = PBXFileReference; lastKnownFileType = sourcecode.c.objc; name = FontLabelStringDrawing.m; path = libs/FontLabel/FontLabelStringDrawing.m; sourceTree = "<group>"; };
		5B65837713FDF9AF007DCA79 /* FontManager.h */ = {isa = PBXFileReference; lastKnownFileType = sourcecode.c.h; name = FontManager.h; path = libs/FontLabel/FontManager.h; sourceTree = "<group>"; };
		5B65837813FDF9AF007DCA79 /* FontManager.m */ = {isa = PBXFileReference; lastKnownFileType = sourcecode.c.objc; name = FontManager.m; path = libs/FontLabel/FontManager.m; sourceTree = "<group>"; };
		5B65837A13FDF9AF007DCA79 /* ZAttributedString.h */ = {isa = PBXFileReference; lastKnownFileType = sourcecode.c.h; name = ZAttributedString.h; path = libs/FontLabel/ZAttributedString.h; sourceTree = "<group>"; };
		5B65837B13FDF9AF007DCA79 /* ZAttributedString.m */ = {isa = PBXFileReference; lastKnownFileType = sourcecode.c.objc; name = ZAttributedString.m; path = libs/FontLabel/ZAttributedString.m; sourceTree = "<group>"; };
		5B65837D13FDF9AF007DCA79 /* ZAttributedStringPrivate.h */ = {isa = PBXFileReference; lastKnownFileType = sourcecode.c.h; name = ZAttributedStringPrivate.h; path = libs/FontLabel/ZAttributedStringPrivate.h; sourceTree = "<group>"; };
		5B65837E13FDF9AF007DCA79 /* ZFont.h */ = {isa = PBXFileReference; lastKnownFileType = sourcecode.c.h; name = ZFont.h; path = libs/FontLabel/ZFont.h; sourceTree = "<group>"; };
		5B65837F13FDF9AF007DCA79 /* ZFont.m */ = {isa = PBXFileReference; lastKnownFileType = sourcecode.c.objc; name = ZFont.m; path = libs/FontLabel/ZFont.m; sourceTree = "<group>"; };
		5B65838213FDF9AF007DCA79 /* CDataScanner.h */ = {isa = PBXFileReference; lastKnownFileType = sourcecode.c.h; name = CDataScanner.h; path = libs/TouchJSON/CDataScanner.h; sourceTree = "<group>"; };
		5B65838313FDF9AF007DCA79 /* CDataScanner.m */ = {isa = PBXFileReference; lastKnownFileType = sourcecode.c.objc; name = CDataScanner.m; path = libs/TouchJSON/CDataScanner.m; sourceTree = "<group>"; };
		5B65838513FDF9AF007DCA79 /* CDataScanner_Extensions.h */ = {isa = PBXFileReference; lastKnownFileType = sourcecode.c.h; name = CDataScanner_Extensions.h; path = libs/TouchJSON/Extensions/CDataScanner_Extensions.h; sourceTree = "<group>"; };
		5B65838613FDF9AF007DCA79 /* CDataScanner_Extensions.m */ = {isa = PBXFileReference; lastKnownFileType = sourcecode.c.objc; name = CDataScanner_Extensions.m; path = libs/TouchJSON/Extensions/CDataScanner_Extensions.m; sourceTree = "<group>"; };
		5B65838813FDF9AF007DCA79 /* NSCharacterSet_Extensions.h */ = {isa = PBXFileReference; lastKnownFileType = sourcecode.c.h; name = NSCharacterSet_Extensions.h; path = libs/TouchJSON/Extensions/NSCharacterSet_Extensions.h; sourceTree = "<group>"; };
		5B65838913FDF9AF007DCA79 /* NSCharacterSet_Extensions.m */ = {isa = PBXFileReference; lastKnownFileType = sourcecode.c.objc; name = NSCharacterSet_Extensions.m; path = libs/TouchJSON/Extensions/NSCharacterSet_Extensions.m; sourceTree = "<group>"; };
		5B65838B13FDF9AF007DCA79 /* NSDictionary_JSONExtensions.h */ = {isa = PBXFileReference; lastKnownFileType = sourcecode.c.h; name = NSDictionary_JSONExtensions.h; path = libs/TouchJSON/Extensions/NSDictionary_JSONExtensions.h; sourceTree = "<group>"; };
		5B65838C13FDF9AF007DCA79 /* NSDictionary_JSONExtensions.m */ = {isa = PBXFileReference; lastKnownFileType = sourcecode.c.objc; name = NSDictionary_JSONExtensions.m; path = libs/TouchJSON/Extensions/NSDictionary_JSONExtensions.m; sourceTree = "<group>"; };
		5B65838E13FDF9AF007DCA79 /* NSScanner_Extensions.h */ = {isa = PBXFileReference; lastKnownFileType = sourcecode.c.h; name = NSScanner_Extensions.h; path = libs/TouchJSON/Extensions/NSScanner_Extensions.h; sourceTree = "<group>"; };
		5B65838F13FDF9AF007DCA79 /* NSScanner_Extensions.m */ = {isa = PBXFileReference; lastKnownFileType = sourcecode.c.objc; name = NSScanner_Extensions.m; path = libs/TouchJSON/Extensions/NSScanner_Extensions.m; sourceTree = "<group>"; };
		5B65839113FDF9AF007DCA79 /* CJSONDeserializer.h */ = {isa = PBXFileReference; lastKnownFileType = sourcecode.c.h; name = CJSONDeserializer.h; path = libs/TouchJSON/JSON/CJSONDeserializer.h; sourceTree = "<group>"; };
		5B65839213FDF9AF007DCA79 /* CJSONDeserializer.m */ = {isa = PBXFileReference; lastKnownFileType = sourcecode.c.objc; name = CJSONDeserializer.m; path = libs/TouchJSON/JSON/CJSONDeserializer.m; sourceTree = "<group>"; };
		5B65839413FDF9AF007DCA79 /* CJSONScanner.h */ = {isa = PBXFileReference; lastKnownFileType = sourcecode.c.h; name = CJSONScanner.h; path = libs/TouchJSON/JSON/CJSONScanner.h; sourceTree = "<group>"; };
		5B65839513FDF9AF007DCA79 /* CJSONScanner.m */ = {isa = PBXFileReference; lastKnownFileType = sourcecode.c.objc; name = CJSONScanner.m; path = libs/TouchJSON/JSON/CJSONScanner.m; sourceTree = "<group>"; };
		5B65839713FDF9AF007DCA79 /* CJSONSerializer.h */ = {isa = PBXFileReference; lastKnownFileType = sourcecode.c.h; name = CJSONSerializer.h; path = libs/TouchJSON/JSON/CJSONSerializer.h; sourceTree = "<group>"; };
		5B65839813FDF9AF007DCA79 /* CJSONSerializer.m */ = {isa = PBXFileReference; lastKnownFileType = sourcecode.c.objc; name = CJSONSerializer.m; path = libs/TouchJSON/JSON/CJSONSerializer.m; sourceTree = "<group>"; };
		5B65839B13FDF9AF007DCA79 /* Prefix.pch */ = {isa = PBXFileReference; lastKnownFileType = sourcecode.c.h; path = Prefix.pch; sourceTree = "<group>"; };
		5B65839C13FDF9AF007DCA79 /* main.m */ = {isa = PBXFileReference; lastKnownFileType = sourcecode.c.objc; path = main.m; sourceTree = "<group>"; };
		5B65839E13FDF9AF007DCA79 /* AppDelegate.h */ = {isa = PBXFileReference; lastKnownFileType = sourcecode.c.h; path = AppDelegate.h; sourceTree = "<group>"; };
		5B65839F13FDF9AF007DCA79 /* AppDelegate.m */ = {isa = PBXFileReference; lastKnownFileType = sourcecode.c.objc; path = AppDelegate.m; sourceTree = "<group>"; };
		5B6583A113FDF9AF007DCA79 /* RootViewController.h */ = {isa = PBXFileReference; lastKnownFileType = sourcecode.c.h; path = RootViewController.h; sourceTree = "<group>"; };
		5B6583A213FDF9AF007DCA79 /* RootViewController.m */ = {isa = PBXFileReference; lastKnownFileType = sourcecode.c.objc; path = RootViewController.m; sourceTree = "<group>"; };
		5B6583A413FDF9AF007DCA79 /* MainMenuScene.h */ = {isa = PBXFileReference; lastKnownFileType = sourcecode.c.h; path = MainMenuScene.h; sourceTree = "<group>"; };
		5B6583A513FDF9AF007DCA79 /* MainMenuScene.m */ = {isa = PBXFileReference; lastKnownFileType = sourcecode.c.objc; path = MainMenuScene.m; sourceTree = "<group>"; };
		5B6583A713FDF9AF007DCA79 /* GameConfig.h */ = {isa = PBXFileReference; lastKnownFileType = sourcecode.c.h; path = GameConfig.h; sourceTree = "<group>"; };
		5B6583AD13FDFFAC007DCA79 /* SinglePlayerScene.h */ = {isa = PBXFileReference; fileEncoding = 4; lastKnownFileType = sourcecode.c.h; path = SinglePlayerScene.h; sourceTree = "<group>"; };
		5B6583AE13FDFFAD007DCA79 /* SinglePlayerScene.m */ = {isa = PBXFileReference; fileEncoding = 4; lastKnownFileType = sourcecode.c.objc; path = SinglePlayerScene.m; sourceTree = "<group>"; };
		5B6583B313FE001E007DCA79 /* MultiplayerScene.h */ = {isa = PBXFileReference; fileEncoding = 4; lastKnownFileType = sourcecode.c.h; path = MultiplayerScene.h; sourceTree = "<group>"; };
		5B6583B413FE001E007DCA79 /* MultiplayerScene.m */ = {isa = PBXFileReference; fileEncoding = 4; lastKnownFileType = sourcecode.c.objc; path = MultiplayerScene.m; sourceTree = "<group>"; };
		5B6583B613FE003E007DCA79 /* SettingsScene.h */ = {isa = PBXFileReference; fileEncoding = 4; lastKnownFileType = sourcecode.c.h; path = SettingsScene.h; sourceTree = "<group>"; };
		5B6583B713FE003E007DCA79 /* SettingsScene.m */ = {isa = PBXFileReference; fileEncoding = 4; lastKnownFileType = sourcecode.c.objc; path = SettingsScene.m; sourceTree = "<group>"; };
		5B6583B913FE004D007DCA79 /* AboutScene.h */ = {isa = PBXFileReference; fileEncoding = 4; lastKnownFileType = sourcecode.c.h; path = AboutScene.h; sourceTree = "<group>"; };
		5B6583BA13FE004D007DCA79 /* AboutScene.m */ = {isa = PBXFileReference; fileEncoding = 4; lastKnownFileType = sourcecode.c.objc; path = AboutScene.m; sourceTree = "<group>"; };
		5B6583BC13FE0957007DCA79 /* bg.png */ = {isa = PBXFileReference; lastKnownFileType = image.png; path = bg.png; sourceTree = "<group>"; };
		5B6583BE13FE0EA5007DCA79 /* puck.png */ = {isa = PBXFileReference; lastKnownFileType = image.png; path = puck.png; sourceTree = "<group>"; };
/* End PBXFileReference section */

/* Begin PBXFrameworksBuildPhase section */
		5B65823B13FDF9AC007DCA79 /* Frameworks */ = {
			isa = PBXFrameworksBuildPhase;
			buildActionMask = 2147483647;
			files = (
				5B65824313FDF9AC007DCA79 /* QuartzCore.framework in Frameworks */,
				5B65824513FDF9AC007DCA79 /* OpenGLES.framework in Frameworks */,
				5B65824713FDF9AC007DCA79 /* OpenAL.framework in Frameworks */,
				5B65824913FDF9AC007DCA79 /* AudioToolbox.framework in Frameworks */,
				5B65824B13FDF9AC007DCA79 /* AVFoundation.framework in Frameworks */,
				5B65824D13FDF9AC007DCA79 /* UIKit.framework in Frameworks */,
				5B65824F13FDF9AC007DCA79 /* Foundation.framework in Frameworks */,
				5B65825113FDF9AC007DCA79 /* CoreGraphics.framework in Frameworks */,
			);
			runOnlyForDeploymentPostprocessing = 0;
		};
/* End PBXFrameworksBuildPhase section */

/* Begin PBXGroup section */
		5B65823313FDF9AC007DCA79 = {
			isa = PBXGroup;
			children = (
				5B65825213FDF9AC007DCA79 /* RPS */,
				5B65824113FDF9AC007DCA79 /* Frameworks */,
				5B65823F13FDF9AC007DCA79 /* Products */,
			);
			sourceTree = "<group>";
		};
		5B65823F13FDF9AC007DCA79 /* Products */ = {
			isa = PBXGroup;
			children = (
				5B65823E13FDF9AC007DCA79 /* RPS.app */,
			);
			name = Products;
			sourceTree = "<group>";
		};
		5B65824113FDF9AC007DCA79 /* Frameworks */ = {
			isa = PBXGroup;
			children = (
				5B65824213FDF9AC007DCA79 /* QuartzCore.framework */,
				5B65824413FDF9AC007DCA79 /* OpenGLES.framework */,
				5B65824613FDF9AC007DCA79 /* OpenAL.framework */,
				5B65824813FDF9AC007DCA79 /* AudioToolbox.framework */,
				5B65824A13FDF9AC007DCA79 /* AVFoundation.framework */,
				5B65824C13FDF9AC007DCA79 /* UIKit.framework */,
				5B65824E13FDF9AC007DCA79 /* Foundation.framework */,
				5B65825013FDF9AC007DCA79 /* CoreGraphics.framework */,
			);
			name = Frameworks;
			sourceTree = "<group>";
		};
		5B65825213FDF9AC007DCA79 /* RPS */ = {
			isa = PBXGroup;
			children = (
				5B6583B013FDFFC1007DCA79 /* Main */,
				5B6583B113FDFFD3007DCA79 /* Scenes */,
				5B6583A713FDF9AF007DCA79 /* GameConfig.h */,
				5B65825313FDF9AC007DCA79 /* Resources */,
				5B6583B213FDFFDE007DCA79 /* cocos2d */,
				5B65839A13FDF9AF007DCA79 /* Supporting Files */,
			);
			path = RPS;
			sourceTree = "<group>";
		};
		5B65825313FDF9AC007DCA79 /* Resources */ = {
			isa = PBXGroup;
			children = (
				5B6583BC13FE0957007DCA79 /* bg.png */,
				5B65825413FDF9AC007DCA79 /* Default.png */,
				5B65825613FDF9AC007DCA79 /* fps_images.png */,
				5B6583BE13FE0EA5007DCA79 /* puck.png */,
				5B65825813FDF9AC007DCA79 /* Icon-72.png */,
				5B65825A13FDF9AC007DCA79 /* Icon-Small-50.png */,
				5B65825C13FDF9AC007DCA79 /* Icon-Small.png */,
				5B65825E13FDF9AC007DCA79 /* Icon-Small@2x.png */,
				5B65826013FDF9AC007DCA79 /* Icon.png */,
				5B65826213FDF9AC007DCA79 /* Icon@2x.png */,
				5B65826413FDF9AC007DCA79 /* Info.plist */,
				5B65826513FDF9AC007DCA79 /* iTunesArtwork */,
			);
			name = Resources;
			sourceTree = "<group>";
		};
		5B65826713FDF9AC007DCA79 /* cocos2d */ = {
			isa = PBXGroup;
			children = (
				5B65826813FDF9AC007DCA79 /* CCAction.h */,
				5B65826913FDF9AD007DCA79 /* CCAction.m */,
				5B65826B13FDF9AD007DCA79 /* CCActionCamera.h */,
				5B65826C13FDF9AD007DCA79 /* CCActionCamera.m */,
				5B65826E13FDF9AD007DCA79 /* CCActionEase.h */,
				5B65826F13FDF9AD007DCA79 /* CCActionEase.m */,
				5B65827113FDF9AD007DCA79 /* CCActionGrid.h */,
				5B65827213FDF9AD007DCA79 /* CCActionGrid.m */,
				5B65827413FDF9AD007DCA79 /* CCActionGrid3D.h */,
				5B65827513FDF9AD007DCA79 /* CCActionGrid3D.m */,
				5B65827713FDF9AD007DCA79 /* CCActionInstant.h */,
				5B65827813FDF9AD007DCA79 /* CCActionInstant.m */,
				5B65827A13FDF9AD007DCA79 /* CCActionInterval.h */,
				5B65827B13FDF9AD007DCA79 /* CCActionInterval.m */,
				5B65827D13FDF9AD007DCA79 /* CCActionManager.h */,
				5B65827E13FDF9AD007DCA79 /* CCActionManager.m */,
				5B65828013FDF9AD007DCA79 /* CCActionPageTurn3D.h */,
				5B65828113FDF9AD007DCA79 /* CCActionPageTurn3D.m */,
				5B65828313FDF9AD007DCA79 /* CCActionProgressTimer.h */,
				5B65828413FDF9AD007DCA79 /* CCActionProgressTimer.m */,
				5B65828613FDF9AD007DCA79 /* CCActionTiledGrid.h */,
				5B65828713FDF9AD007DCA79 /* CCActionTiledGrid.m */,
				5B65828913FDF9AD007DCA79 /* CCActionTween.h */,
				5B65828A13FDF9AD007DCA79 /* CCActionTween.m */,
				5B65828C13FDF9AD007DCA79 /* CCAnimation.h */,
				5B65828D13FDF9AD007DCA79 /* CCAnimation.m */,
				5B65828F13FDF9AD007DCA79 /* CCAnimationCache.h */,
				5B65829013FDF9AD007DCA79 /* CCAnimationCache.m */,
				5B65829213FDF9AD007DCA79 /* CCAtlasNode.h */,
				5B65829313FDF9AD007DCA79 /* CCAtlasNode.m */,
				5B65829513FDF9AD007DCA79 /* CCBlockSupport.h */,
				5B65829613FDF9AD007DCA79 /* CCBlockSupport.m */,
				5B65829813FDF9AD007DCA79 /* CCCamera.h */,
				5B65829913FDF9AD007DCA79 /* CCCamera.m */,
				5B65829B13FDF9AD007DCA79 /* ccConfig.h */,
				5B65829C13FDF9AD007DCA79 /* CCConfiguration.h */,
				5B65829D13FDF9AD007DCA79 /* CCConfiguration.m */,
				5B65829F13FDF9AD007DCA79 /* CCDirector.h */,
				5B6582A013FDF9AD007DCA79 /* CCDirector.m */,
				5B6582A213FDF9AD007DCA79 /* CCDrawingPrimitives.h */,
				5B6582A313FDF9AD007DCA79 /* CCDrawingPrimitives.m */,
				5B6582A513FDF9AD007DCA79 /* CCGrabber.h */,
				5B6582A613FDF9AD007DCA79 /* CCGrabber.m */,
				5B6582A813FDF9AD007DCA79 /* CCGrid.h */,
				5B6582A913FDF9AD007DCA79 /* CCGrid.m */,
				5B6582AB13FDF9AD007DCA79 /* CCLabelAtlas.h */,
				5B6582AC13FDF9AD007DCA79 /* CCLabelAtlas.m */,
				5B6582AE13FDF9AD007DCA79 /* CCLabelBMFont.h */,
				5B6582AF13FDF9AD007DCA79 /* CCLabelBMFont.m */,
				5B6582B113FDF9AD007DCA79 /* CCLabelTTF.h */,
				5B6582B213FDF9AD007DCA79 /* CCLabelTTF.m */,
				5B6582B413FDF9AD007DCA79 /* CCLayer.h */,
				5B6582B513FDF9AD007DCA79 /* CCLayer.m */,
				5B6582B713FDF9AD007DCA79 /* ccMacros.h */,
				5B6582B813FDF9AD007DCA79 /* CCMenu.h */,
				5B6582B913FDF9AD007DCA79 /* CCMenu.m */,
				5B6582BB13FDF9AD007DCA79 /* CCMenuItem.h */,
				5B6582BC13FDF9AD007DCA79 /* CCMenuItem.m */,
				5B6582BE13FDF9AD007DCA79 /* CCMotionStreak.h */,
				5B6582BF13FDF9AD007DCA79 /* CCMotionStreak.m */,
				5B6582C113FDF9AD007DCA79 /* CCNode.h */,
				5B6582C213FDF9AD007DCA79 /* CCNode.m */,
				5B6582C413FDF9AD007DCA79 /* CCParallaxNode.h */,
				5B6582C513FDF9AD007DCA79 /* CCParallaxNode.m */,
				5B6582C713FDF9AD007DCA79 /* CCParticleExamples.h */,
				5B6582C813FDF9AD007DCA79 /* CCParticleExamples.m */,
				5B6582CA13FDF9AD007DCA79 /* CCParticleSystem.h */,
				5B6582CB13FDF9AD007DCA79 /* CCParticleSystem.m */,
				5B6582CD13FDF9AD007DCA79 /* CCParticleSystemPoint.h */,
				5B6582CE13FDF9AD007DCA79 /* CCParticleSystemPoint.m */,
				5B6582D013FDF9AD007DCA79 /* CCParticleSystemQuad.h */,
				5B6582D113FDF9AD007DCA79 /* CCParticleSystemQuad.m */,
				5B6582D313FDF9AD007DCA79 /* CCProgressTimer.h */,
				5B6582D413FDF9AD007DCA79 /* CCProgressTimer.m */,
				5B6582D613FDF9AD007DCA79 /* CCProtocols.h */,
				5B6582D713FDF9AD007DCA79 /* CCRenderTexture.h */,
				5B6582D813FDF9AE007DCA79 /* CCRenderTexture.m */,
				5B6582DA13FDF9AE007DCA79 /* CCRibbon.h */,
				5B6582DB13FDF9AE007DCA79 /* CCRibbon.m */,
				5B6582DD13FDF9AE007DCA79 /* CCScene.h */,
				5B6582DE13FDF9AE007DCA79 /* CCScene.m */,
				5B6582E013FDF9AE007DCA79 /* CCScheduler.h */,
				5B6582E113FDF9AE007DCA79 /* CCScheduler.m */,
				5B6582E313FDF9AE007DCA79 /* CCSprite.h */,
				5B6582E413FDF9AE007DCA79 /* CCSprite.m */,
				5B6582E613FDF9AE007DCA79 /* CCSpriteBatchNode.h */,
				5B6582E713FDF9AE007DCA79 /* CCSpriteBatchNode.m */,
				5B6582E913FDF9AE007DCA79 /* CCSpriteFrame.h */,
				5B6582EA13FDF9AE007DCA79 /* CCSpriteFrame.m */,
				5B6582EC13FDF9AE007DCA79 /* CCSpriteFrameCache.h */,
				5B6582ED13FDF9AE007DCA79 /* CCSpriteFrameCache.m */,
				5B6582EF13FDF9AE007DCA79 /* CCTexture2D.h */,
				5B6582F013FDF9AE007DCA79 /* CCTexture2D.m */,
				5B6582F213FDF9AE007DCA79 /* CCTextureAtlas.h */,
				5B6582F313FDF9AE007DCA79 /* CCTextureAtlas.m */,
				5B6582F513FDF9AE007DCA79 /* CCTextureCache.h */,
				5B6582F613FDF9AE007DCA79 /* CCTextureCache.m */,
				5B6582F813FDF9AE007DCA79 /* CCTexturePVR.h */,
				5B6582F913FDF9AE007DCA79 /* CCTexturePVR.m */,
				5B6582FB13FDF9AE007DCA79 /* CCTileMapAtlas.h */,
				5B6582FC13FDF9AE007DCA79 /* CCTileMapAtlas.m */,
				5B6582FE13FDF9AE007DCA79 /* CCTMXLayer.h */,
				5B6582FF13FDF9AE007DCA79 /* CCTMXLayer.m */,
				5B65830113FDF9AE007DCA79 /* CCTMXObjectGroup.h */,
				5B65830213FDF9AE007DCA79 /* CCTMXObjectGroup.m */,
				5B65830413FDF9AE007DCA79 /* CCTMXTiledMap.h */,
				5B65830513FDF9AE007DCA79 /* CCTMXTiledMap.m */,
				5B65830713FDF9AE007DCA79 /* CCTMXXMLParser.h */,
				5B65830813FDF9AE007DCA79 /* CCTMXXMLParser.m */,
				5B65830A13FDF9AE007DCA79 /* CCTransition.h */,
				5B65830B13FDF9AE007DCA79 /* CCTransition.m */,
				5B65830D13FDF9AE007DCA79 /* CCTransitionPageTurn.h */,
				5B65830E13FDF9AE007DCA79 /* CCTransitionPageTurn.m */,
				5B65831013FDF9AE007DCA79 /* CCTransitionRadial.h */,
				5B65831113FDF9AE007DCA79 /* CCTransitionRadial.m */,
				5B65831313FDF9AE007DCA79 /* ccTypes.h */,
				5B65831413FDF9AE007DCA79 /* cocos2d.h */,
				5B65831513FDF9AE007DCA79 /* cocos2d.m */,
				5B65831713FDF9AE007DCA79 /* CCGL.h */,
				5B65831813FDF9AE007DCA79 /* CCNS.h */,
				5B65831913FDF9AE007DCA79 /* CCDirectorIOS.h */,
				5B65831A13FDF9AE007DCA79 /* CCDirectorIOS.m */,
				5B65831C13FDF9AE007DCA79 /* CCTouchDelegateProtocol.h */,
				5B65831D13FDF9AE007DCA79 /* CCTouchDispatcher.h */,
				5B65831E13FDF9AE007DCA79 /* CCTouchDispatcher.m */,
				5B65832013FDF9AE007DCA79 /* CCTouchHandler.h */,
				5B65832113FDF9AE007DCA79 /* CCTouchHandler.m */,
				5B65832313FDF9AE007DCA79 /* EAGLView.h */,
				5B65832413FDF9AE007DCA79 /* EAGLView.m */,
				5B65832613FDF9AE007DCA79 /* ES1Renderer.h */,
				5B65832713FDF9AE007DCA79 /* ES1Renderer.m */,
				5B65832913FDF9AE007DCA79 /* ESRenderer.h */,
				5B65832A13FDF9AE007DCA79 /* glu.c */,
				5B65832C13FDF9AE007DCA79 /* glu.h */,
				5B65832D13FDF9AE007DCA79 /* CCDirectorMac.h */,
				5B65832E13FDF9AE007DCA79 /* CCDirectorMac.m */,
				5B65833013FDF9AE007DCA79 /* CCEventDispatcher.h */,
				5B65833113FDF9AE007DCA79 /* CCEventDispatcher.m */,
				5B65833313FDF9AE007DCA79 /* MacGLView.h */,
				5B65833413FDF9AE007DCA79 /* MacGLView.m */,
				5B65833613FDF9AE007DCA79 /* MacWindow.h */,
				5B65833713FDF9AE007DCA79 /* MacWindow.m */,
				5B65833913FDF9AE007DCA79 /* base64.c */,
				5B65833B13FDF9AE007DCA79 /* base64.h */,
				5B65833C13FDF9AE007DCA79 /* CCArray.h */,
				5B65833D13FDF9AE007DCA79 /* CCArray.m */,
				5B65833F13FDF9AE007DCA79 /* ccCArray.h */,
				5B65834013FDF9AE007DCA79 /* CCFileUtils.h */,
				5B65834113FDF9AE007DCA79 /* CCFileUtils.m */,
				5B65834313FDF9AE007DCA79 /* CCProfiling.h */,
				5B65834413FDF9AE007DCA79 /* CCProfiling.m */,
				5B65834613FDF9AE007DCA79 /* ccUtils.c */,
				5B65834813FDF9AE007DCA79 /* ccUtils.h */,
				5B65834913FDF9AE007DCA79 /* CGPointExtension.h */,
				5B65834A13FDF9AE007DCA79 /* CGPointExtension.m */,
				5B65834C13FDF9AE007DCA79 /* OpenGL_Internal.h */,
				5B65834D13FDF9AF007DCA79 /* TGAlib.h */,
				5B65834E13FDF9AF007DCA79 /* TGAlib.m */,
				5B65835013FDF9AF007DCA79 /* TransformUtils.h */,
				5B65835113FDF9AF007DCA79 /* TransformUtils.m */,
				5B65835313FDF9AF007DCA79 /* uthash.h */,
				5B65835413FDF9AF007DCA79 /* utlist.h */,
				5B65835513FDF9AF007DCA79 /* ZipUtils.h */,
				5B65835613FDF9AF007DCA79 /* ZipUtils.m */,
			);
			name = cocos2d;
			sourceTree = "<group>";
		};
		5B65835813FDF9AF007DCA79 /* CocosDenshion */ = {
			isa = PBXGroup;
			children = (
				5B65835913FDF9AF007DCA79 /* CDAudioManager.h */,
				5B65835A13FDF9AF007DCA79 /* CDAudioManager.m */,
				5B65835C13FDF9AF007DCA79 /* CDConfig.h */,
				5B65835D13FDF9AF007DCA79 /* CDOpenALSupport.h */,
				5B65835E13FDF9AF007DCA79 /* CDOpenALSupport.m */,
				5B65836013FDF9AF007DCA79 /* CocosDenshion.h */,
				5B65836113FDF9AF007DCA79 /* CocosDenshion.m */,
				5B65836313FDF9AF007DCA79 /* SimpleAudioEngine.h */,
				5B65836413FDF9AF007DCA79 /* SimpleAudioEngine.m */,
			);
			name = CocosDenshion;
			sourceTree = "<group>";
		};
		5B65836613FDF9AF007DCA79 /* cocoslive */ = {
			isa = PBXGroup;
			children = (
				5B65836713FDF9AF007DCA79 /* CLScoreServerPost.h */,
				5B65836813FDF9AF007DCA79 /* CLScoreServerPost.m */,
				5B65836A13FDF9AF007DCA79 /* CLScoreServerRequest.h */,
				5B65836B13FDF9AF007DCA79 /* CLScoreServerRequest.m */,
				5B65836D13FDF9AF007DCA79 /* cocoslive.h */,
				5B65836E13FDF9AF007DCA79 /* cocoslive.m */,
			);
			name = cocoslive;
			sourceTree = "<group>";
		};
		5B65837013FDF9AF007DCA79 /* FontLabel */ = {
			isa = PBXGroup;
			children = (
				5B65837113FDF9AF007DCA79 /* FontLabel.h */,
				5B65837213FDF9AF007DCA79 /* FontLabel.m */,
				5B65837413FDF9AF007DCA79 /* FontLabelStringDrawing.h */,
				5B65837513FDF9AF007DCA79 /* FontLabelStringDrawing.m */,
				5B65837713FDF9AF007DCA79 /* FontManager.h */,
				5B65837813FDF9AF007DCA79 /* FontManager.m */,
				5B65837A13FDF9AF007DCA79 /* ZAttributedString.h */,
				5B65837B13FDF9AF007DCA79 /* ZAttributedString.m */,
				5B65837D13FDF9AF007DCA79 /* ZAttributedStringPrivate.h */,
				5B65837E13FDF9AF007DCA79 /* ZFont.h */,
				5B65837F13FDF9AF007DCA79 /* ZFont.m */,
			);
			name = FontLabel;
			sourceTree = "<group>";
		};
		5B65838113FDF9AF007DCA79 /* TouchJSON */ = {
			isa = PBXGroup;
			children = (
				5B65838213FDF9AF007DCA79 /* CDataScanner.h */,
				5B65838313FDF9AF007DCA79 /* CDataScanner.m */,
				5B65838513FDF9AF007DCA79 /* CDataScanner_Extensions.h */,
				5B65838613FDF9AF007DCA79 /* CDataScanner_Extensions.m */,
				5B65838813FDF9AF007DCA79 /* NSCharacterSet_Extensions.h */,
				5B65838913FDF9AF007DCA79 /* NSCharacterSet_Extensions.m */,
				5B65838B13FDF9AF007DCA79 /* NSDictionary_JSONExtensions.h */,
				5B65838C13FDF9AF007DCA79 /* NSDictionary_JSONExtensions.m */,
				5B65838E13FDF9AF007DCA79 /* NSScanner_Extensions.h */,
				5B65838F13FDF9AF007DCA79 /* NSScanner_Extensions.m */,
				5B65839113FDF9AF007DCA79 /* CJSONDeserializer.h */,
				5B65839213FDF9AF007DCA79 /* CJSONDeserializer.m */,
				5B65839413FDF9AF007DCA79 /* CJSONScanner.h */,
				5B65839513FDF9AF007DCA79 /* CJSONScanner.m */,
				5B65839713FDF9AF007DCA79 /* CJSONSerializer.h */,
				5B65839813FDF9AF007DCA79 /* CJSONSerializer.m */,
			);
			name = TouchJSON;
			sourceTree = "<group>";
		};
		5B65839A13FDF9AF007DCA79 /* Supporting Files */ = {
			isa = PBXGroup;
			children = (
				5B65839B13FDF9AF007DCA79 /* Prefix.pch */,
				5B65839C13FDF9AF007DCA79 /* main.m */,
			);
			name = "Supporting Files";
			sourceTree = "<group>";
		};
		5B6583B013FDFFC1007DCA79 /* Main */ = {
			isa = PBXGroup;
			children = (
				5B65839E13FDF9AF007DCA79 /* AppDelegate.h */,
				5B65839F13FDF9AF007DCA79 /* AppDelegate.m */,
				5B6583A113FDF9AF007DCA79 /* RootViewController.h */,
				5B6583A213FDF9AF007DCA79 /* RootViewController.m */,
			);
			name = Main;
			sourceTree = "<group>";
		};
		5B6583B113FDFFD3007DCA79 /* Scenes */ = {
			isa = PBXGroup;
			children = (
				5B6583A413FDF9AF007DCA79 /* MainMenuScene.h */,
				5B6583A513FDF9AF007DCA79 /* MainMenuScene.m */,
				5B6583AD13FDFFAC007DCA79 /* SinglePlayerScene.h */,
				5B6583AE13FDFFAD007DCA79 /* SinglePlayerScene.m */,
				5B6583B313FE001E007DCA79 /* MultiplayerScene.h */,
				5B6583B413FE001E007DCA79 /* MultiplayerScene.m */,
				5B6583B613FE003E007DCA79 /* SettingsScene.h */,
				5B6583B713FE003E007DCA79 /* SettingsScene.m */,
				5B6583B913FE004D007DCA79 /* AboutScene.h */,
				5B6583BA13FE004D007DCA79 /* AboutScene.m */,
			);
			name = Scenes;
			sourceTree = "<group>";
		};
		5B6583B213FDFFDE007DCA79 /* cocos2d */ = {
			isa = PBXGroup;
			children = (
				5B65826713FDF9AC007DCA79 /* cocos2d */,
				5B65835813FDF9AF007DCA79 /* CocosDenshion */,
				5B65836613FDF9AF007DCA79 /* cocoslive */,
				5B65837013FDF9AF007DCA79 /* FontLabel */,
				5B65838113FDF9AF007DCA79 /* TouchJSON */,
			);
			name = cocos2d;
			sourceTree = "<group>";
		};
/* End PBXGroup section */

/* Begin PBXNativeTarget section */
		5B65823D13FDF9AC007DCA79 /* RPS */ = {
			isa = PBXNativeTarget;
			buildConfigurationList = 5B6583AA13FDF9AF007DCA79 /* Build configuration list for PBXNativeTarget "RPS" */;
			buildPhases = (
				5B65823A13FDF9AC007DCA79 /* Sources */,
				5B65823B13FDF9AC007DCA79 /* Frameworks */,
				5B65823C13FDF9AC007DCA79 /* Resources */,
			);
			buildRules = (
			);
			dependencies = (
			);
			name = RPS;
			productName = RPS;
			productReference = 5B65823E13FDF9AC007DCA79 /* RPS.app */;
			productType = "com.apple.product-type.application";
		};
/* End PBXNativeTarget section */

/* Begin PBXProject section */
		5B65823513FDF9AC007DCA79 /* Project object */ = {
			isa = PBXProject;
			buildConfigurationList = 5B65823813FDF9AC007DCA79 /* Build configuration list for PBXProject "RPS" */;
			compatibilityVersion = "Xcode 3.2";
			developmentRegion = English;
			hasScannedForEncodings = 0;
			knownRegions = (
				en,
			);
			mainGroup = 5B65823313FDF9AC007DCA79;
			productRefGroup = 5B65823F13FDF9AC007DCA79 /* Products */;
			projectDirPath = "";
			projectRoot = "";
			targets = (
				5B65823D13FDF9AC007DCA79 /* RPS */,
			);
		};
/* End PBXProject section */

/* Begin PBXResourcesBuildPhase section */
		5B65823C13FDF9AC007DCA79 /* Resources */ = {
			isa = PBXResourcesBuildPhase;
			buildActionMask = 2147483647;
			files = (
				5B65825513FDF9AC007DCA79 /* Default.png in Resources */,
				5B65825713FDF9AC007DCA79 /* fps_images.png in Resources */,
				5B65825913FDF9AC007DCA79 /* Icon-72.png in Resources */,
				5B65825B13FDF9AC007DCA79 /* Icon-Small-50.png in Resources */,
				5B65825D13FDF9AC007DCA79 /* Icon-Small.png in Resources */,
				5B65825F13FDF9AC007DCA79 /* Icon-Small@2x.png in Resources */,
				5B65826113FDF9AC007DCA79 /* Icon.png in Resources */,
				5B65826313FDF9AC007DCA79 /* Icon@2x.png in Resources */,
				5B65826613FDF9AC007DCA79 /* iTunesArtwork in Resources */,
				5B6583BD13FE0957007DCA79 /* bg.png in Resources */,
				5B6583BF13FE0EA5007DCA79 /* puck.png in Resources */,
			);
			runOnlyForDeploymentPostprocessing = 0;
		};
/* End PBXResourcesBuildPhase section */

/* Begin PBXSourcesBuildPhase section */
		5B65823A13FDF9AC007DCA79 /* Sources */ = {
			isa = PBXSourcesBuildPhase;
			buildActionMask = 2147483647;
			files = (
				5B65826A13FDF9AD007DCA79 /* CCAction.m in Sources */,
				5B65826D13FDF9AD007DCA79 /* CCActionCamera.m in Sources */,
				5B65827013FDF9AD007DCA79 /* CCActionEase.m in Sources */,
				5B65827313FDF9AD007DCA79 /* CCActionGrid.m in Sources */,
				5B65827613FDF9AD007DCA79 /* CCActionGrid3D.m in Sources */,
				5B65827913FDF9AD007DCA79 /* CCActionInstant.m in Sources */,
				5B65827C13FDF9AD007DCA79 /* CCActionInterval.m in Sources */,
				5B65827F13FDF9AD007DCA79 /* CCActionManager.m in Sources */,
				5B65828213FDF9AD007DCA79 /* CCActionPageTurn3D.m in Sources */,
				5B65828513FDF9AD007DCA79 /* CCActionProgressTimer.m in Sources */,
				5B65828813FDF9AD007DCA79 /* CCActionTiledGrid.m in Sources */,
				5B65828B13FDF9AD007DCA79 /* CCActionTween.m in Sources */,
				5B65828E13FDF9AD007DCA79 /* CCAnimation.m in Sources */,
				5B65829113FDF9AD007DCA79 /* CCAnimationCache.m in Sources */,
				5B65829413FDF9AD007DCA79 /* CCAtlasNode.m in Sources */,
				5B65829713FDF9AD007DCA79 /* CCBlockSupport.m in Sources */,
				5B65829A13FDF9AD007DCA79 /* CCCamera.m in Sources */,
				5B65829E13FDF9AD007DCA79 /* CCConfiguration.m in Sources */,
				5B6582A113FDF9AD007DCA79 /* CCDirector.m in Sources */,
				5B6582A413FDF9AD007DCA79 /* CCDrawingPrimitives.m in Sources */,
				5B6582A713FDF9AD007DCA79 /* CCGrabber.m in Sources */,
				5B6582AA13FDF9AD007DCA79 /* CCGrid.m in Sources */,
				5B6582AD13FDF9AD007DCA79 /* CCLabelAtlas.m in Sources */,
				5B6582B013FDF9AD007DCA79 /* CCLabelBMFont.m in Sources */,
				5B6582B313FDF9AD007DCA79 /* CCLabelTTF.m in Sources */,
				5B6582B613FDF9AD007DCA79 /* CCLayer.m in Sources */,
				5B6582BA13FDF9AD007DCA79 /* CCMenu.m in Sources */,
				5B6582BD13FDF9AD007DCA79 /* CCMenuItem.m in Sources */,
				5B6582C013FDF9AD007DCA79 /* CCMotionStreak.m in Sources */,
				5B6582C313FDF9AD007DCA79 /* CCNode.m in Sources */,
				5B6582C613FDF9AD007DCA79 /* CCParallaxNode.m in Sources */,
				5B6582C913FDF9AD007DCA79 /* CCParticleExamples.m in Sources */,
				5B6582CC13FDF9AD007DCA79 /* CCParticleSystem.m in Sources */,
				5B6582CF13FDF9AD007DCA79 /* CCParticleSystemPoint.m in Sources */,
				5B6582D213FDF9AD007DCA79 /* CCParticleSystemQuad.m in Sources */,
				5B6582D513FDF9AD007DCA79 /* CCProgressTimer.m in Sources */,
				5B6582D913FDF9AE007DCA79 /* CCRenderTexture.m in Sources */,
				5B6582DC13FDF9AE007DCA79 /* CCRibbon.m in Sources */,
				5B6582DF13FDF9AE007DCA79 /* CCScene.m in Sources */,
				5B6582E213FDF9AE007DCA79 /* CCScheduler.m in Sources */,
				5B6582E513FDF9AE007DCA79 /* CCSprite.m in Sources */,
				5B6582E813FDF9AE007DCA79 /* CCSpriteBatchNode.m in Sources */,
				5B6582EB13FDF9AE007DCA79 /* CCSpriteFrame.m in Sources */,
				5B6582EE13FDF9AE007DCA79 /* CCSpriteFrameCache.m in Sources */,
				5B6582F113FDF9AE007DCA79 /* CCTexture2D.m in Sources */,
				5B6582F413FDF9AE007DCA79 /* CCTextureAtlas.m in Sources */,
				5B6582F713FDF9AE007DCA79 /* CCTextureCache.m in Sources */,
				5B6582FA13FDF9AE007DCA79 /* CCTexturePVR.m in Sources */,
				5B6582FD13FDF9AE007DCA79 /* CCTileMapAtlas.m in Sources */,
				5B65830013FDF9AE007DCA79 /* CCTMXLayer.m in Sources */,
				5B65830313FDF9AE007DCA79 /* CCTMXObjectGroup.m in Sources */,
				5B65830613FDF9AE007DCA79 /* CCTMXTiledMap.m in Sources */,
				5B65830913FDF9AE007DCA79 /* CCTMXXMLParser.m in Sources */,
				5B65830C13FDF9AE007DCA79 /* CCTransition.m in Sources */,
				5B65830F13FDF9AE007DCA79 /* CCTransitionPageTurn.m in Sources */,
				5B65831213FDF9AE007DCA79 /* CCTransitionRadial.m in Sources */,
				5B65831613FDF9AE007DCA79 /* cocos2d.m in Sources */,
				5B65831B13FDF9AE007DCA79 /* CCDirectorIOS.m in Sources */,
				5B65831F13FDF9AE007DCA79 /* CCTouchDispatcher.m in Sources */,
				5B65832213FDF9AE007DCA79 /* CCTouchHandler.m in Sources */,
				5B65832513FDF9AE007DCA79 /* EAGLView.m in Sources */,
				5B65832813FDF9AE007DCA79 /* ES1Renderer.m in Sources */,
				5B65832B13FDF9AE007DCA79 /* glu.c in Sources */,
				5B65832F13FDF9AE007DCA79 /* CCDirectorMac.m in Sources */,
				5B65833213FDF9AE007DCA79 /* CCEventDispatcher.m in Sources */,
				5B65833513FDF9AE007DCA79 /* MacGLView.m in Sources */,
				5B65833813FDF9AE007DCA79 /* MacWindow.m in Sources */,
				5B65833A13FDF9AE007DCA79 /* base64.c in Sources */,
				5B65833E13FDF9AE007DCA79 /* CCArray.m in Sources */,
				5B65834213FDF9AE007DCA79 /* CCFileUtils.m in Sources */,
				5B65834513FDF9AE007DCA79 /* CCProfiling.m in Sources */,
				5B65834713FDF9AE007DCA79 /* ccUtils.c in Sources */,
				5B65834B13FDF9AE007DCA79 /* CGPointExtension.m in Sources */,
				5B65834F13FDF9AF007DCA79 /* TGAlib.m in Sources */,
				5B65835213FDF9AF007DCA79 /* TransformUtils.m in Sources */,
				5B65835713FDF9AF007DCA79 /* ZipUtils.m in Sources */,
				5B65835B13FDF9AF007DCA79 /* CDAudioManager.m in Sources */,
				5B65835F13FDF9AF007DCA79 /* CDOpenALSupport.m in Sources */,
				5B65836213FDF9AF007DCA79 /* CocosDenshion.m in Sources */,
				5B65836513FDF9AF007DCA79 /* SimpleAudioEngine.m in Sources */,
				5B65836913FDF9AF007DCA79 /* CLScoreServerPost.m in Sources */,
				5B65836C13FDF9AF007DCA79 /* CLScoreServerRequest.m in Sources */,
				5B65836F13FDF9AF007DCA79 /* cocoslive.m in Sources */,
				5B65837313FDF9AF007DCA79 /* FontLabel.m in Sources */,
				5B65837613FDF9AF007DCA79 /* FontLabelStringDrawing.m in Sources */,
				5B65837913FDF9AF007DCA79 /* FontManager.m in Sources */,
				5B65837C13FDF9AF007DCA79 /* ZAttributedString.m in Sources */,
				5B65838013FDF9AF007DCA79 /* ZFont.m in Sources */,
				5B65838413FDF9AF007DCA79 /* CDataScanner.m in Sources */,
				5B65838713FDF9AF007DCA79 /* CDataScanner_Extensions.m in Sources */,
				5B65838A13FDF9AF007DCA79 /* NSCharacterSet_Extensions.m in Sources */,
				5B65838D13FDF9AF007DCA79 /* NSDictionary_JSONExtensions.m in Sources */,
				5B65839013FDF9AF007DCA79 /* NSScanner_Extensions.m in Sources */,
				5B65839313FDF9AF007DCA79 /* CJSONDeserializer.m in Sources */,
				5B65839613FDF9AF007DCA79 /* CJSONScanner.m in Sources */,
				5B65839913FDF9AF007DCA79 /* CJSONSerializer.m in Sources */,
				5B65839D13FDF9AF007DCA79 /* main.m in Sources */,
				5B6583A013FDF9AF007DCA79 /* AppDelegate.m in Sources */,
				5B6583A313FDF9AF007DCA79 /* RootViewController.m in Sources */,
				5B6583A613FDF9AF007DCA79 /* MainMenuScene.m in Sources */,
				5B6583AF13FDFFAD007DCA79 /* SinglePlayerScene.m in Sources */,
				5B6583B513FE001E007DCA79 /* MultiplayerScene.m in Sources */,
				5B6583B813FE003E007DCA79 /* SettingsScene.m in Sources */,
				5B6583BB13FE004D007DCA79 /* AboutScene.m in Sources */,
			);
			runOnlyForDeploymentPostprocessing = 0;
		};
/* End PBXSourcesBuildPhase section */

/* Begin XCBuildConfiguration section */
		5B6583A813FDF9AF007DCA79 /* Debug */ = {
			isa = XCBuildConfiguration;
			buildSettings = {
				ARCHS = "$(ARCHS_STANDARD_32_BIT)";
				"CODE_SIGN_IDENTITY[sdk=iphoneos*]" = "iPhone Developer";
				GCC_C_LANGUAGE_STANDARD = gnu99;
				GCC_OPTIMIZATION_LEVEL = 0;
				GCC_PREPROCESSOR_DEFINITIONS = (
					DEBUG,
					"COCOS2D_DEBUG=1",
				);
				GCC_SYMBOLS_PRIVATE_EXTERN = NO;
				GCC_VERSION = com.apple.compilers.llvmgcc42;
				GCC_WARN_ABOUT_RETURN_TYPE = YES;
				GCC_WARN_UNUSED_VARIABLE = YES;
				IPHONEOS_DEPLOYMENT_TARGET = 5.0;
				SDKROOT = iphoneos;
			};
			name = Debug;
		};
		5B6583A913FDF9AF007DCA79 /* Release */ = {
			isa = XCBuildConfiguration;
			buildSettings = {
				ARCHS = "$(ARCHS_STANDARD_32_BIT)";
				"CODE_SIGN_IDENTITY[sdk=iphoneos*]" = "iPhone Developer";
				GCC_C_LANGUAGE_STANDARD = gnu99;
				GCC_PREPROCESSOR_DEFINITIONS = NDEBUG;
				GCC_VERSION = com.apple.compilers.llvmgcc42;
				GCC_WARN_ABOUT_RETURN_TYPE = YES;
				GCC_WARN_UNUSED_VARIABLE = YES;
				IPHONEOS_DEPLOYMENT_TARGET = 5.0;
				OTHER_CFLAGS = "-DNS_BLOCK_ASSERTIONS=1";
				SDKROOT = iphoneos;
			};
			name = Release;
		};
		5B6583AB13FDF9AF007DCA79 /* Debug */ = {
			isa = XCBuildConfiguration;
			buildSettings = {
				ALWAYS_SEARCH_USER_PATHS = NO;
				COPY_PHASE_STRIP = NO;
				GCC_DYNAMIC_NO_PIC = NO;
				GCC_PRECOMPILE_PREFIX_HEADER = YES;
				GCC_PREFIX_HEADER = RPS/Prefix.pch;
				"GCC_THUMB_SUPPORT[arch=armv6]" = "";
				INFOPLIST_FILE = RPS/Resources/Info.plist;
				OTHER_LDFLAGS = "-lz";
				PRODUCT_NAME = "$(TARGET_NAME)";
				WRAPPER_EXTENSION = app;
			};
			name = Debug;
		};
		5B6583AC13FDF9AF007DCA79 /* Release */ = {
			isa = XCBuildConfiguration;
			buildSettings = {
				ALWAYS_SEARCH_USER_PATHS = NO;
				COPY_PHASE_STRIP = YES;
				GCC_PRECOMPILE_PREFIX_HEADER = YES;
				GCC_PREFIX_HEADER = RPS/Prefix.pch;
				"GCC_THUMB_SUPPORT[arch=armv6]" = "";
				INFOPLIST_FILE = RPS/Resources/Info.plist;
				OTHER_LDFLAGS = "-lz";
				PRODUCT_NAME = "$(TARGET_NAME)";
				VALIDATE_PRODUCT = YES;
				WRAPPER_EXTENSION = app;
			};
			name = Release;
		};
/* End XCBuildConfiguration section */

/* Begin XCConfigurationList section */
		5B65823813FDF9AC007DCA79 /* Build configuration list for PBXProject "RPS" */ = {
			isa = XCConfigurationList;
			buildConfigurations = (
				5B6583A813FDF9AF007DCA79 /* Debug */,
				5B6583A913FDF9AF007DCA79 /* Release */,
			);
			defaultConfigurationIsVisible = 0;
			defaultConfigurationName = Release;
		};
		5B6583AA13FDF9AF007DCA79 /* Build configuration list for PBXNativeTarget "RPS" */ = {
			isa = XCConfigurationList;
			buildConfigurations = (
				5B6583AB13FDF9AF007DCA79 /* Debug */,
				5B6583AC13FDF9AF007DCA79 /* Release */,
			);
			defaultConfigurationIsVisible = 0;
			defaultConfigurationName = Release;
		};
/* End XCConfigurationList section */
	};
	rootObject = 5B65823513FDF9AC007DCA79 /* Project object */;
}
